// !$*UTF8*$!
{
	archiveVersion = 1;
	classes = {
	};
	objectVersion = 46;
	objects = {

/* Begin PBXBuildFile section */
		3A0F56FE1C3E749400BC3713 /* URLProtocol.swift in Sources */ = {isa = PBXBuildFile; fileRef = 3A0F56FD1C3E749400BC3713 /* URLProtocol.swift */; };
		3A0F56FF1C3E749400BC3713 /* URLProtocol.swift in Sources */ = {isa = PBXBuildFile; fileRef = 3A0F56FD1C3E749400BC3713 /* URLProtocol.swift */; };
		3A0F57051C3EBC9800BC3713 /* JSONBodyDeserializer.swift in Sources */ = {isa = PBXBuildFile; fileRef = 3A0F57041C3EBC9800BC3713 /* JSONBodyDeserializer.swift */; };
		3A0F57061C3EBC9800BC3713 /* JSONBodyDeserializer.swift in Sources */ = {isa = PBXBuildFile; fileRef = 3A0F57041C3EBC9800BC3713 /* JSONBodyDeserializer.swift */; };
		3A16B4CC1CDF594F00C189F3 /* ConsoleOutputFacilitySpec.swift in Sources */ = {isa = PBXBuildFile; fileRef = 3A16B4CB1CDF594F00C189F3 /* ConsoleOutputFacilitySpec.swift */; };
		3A16B4CD1CDF594F00C189F3 /* ConsoleOutputFacilitySpec.swift in Sources */ = {isa = PBXBuildFile; fileRef = 3A16B4CB1CDF594F00C189F3 /* ConsoleOutputFacilitySpec.swift */; };
		3A2007E31B5501BC00769021 /* ResponseDetective.framework in Frameworks */ = {isa = PBXBuildFile; fileRef = 3A2007D81B5501BC00769021 /* ResponseDetective.framework */; };
		3A3A01881C3A54B5008752CC /* ResponseDetective.swift in Sources */ = {isa = PBXBuildFile; fileRef = 3A3A01871C3A54B5008752CC /* ResponseDetective.swift */; };
		3A3A01891C3A54B5008752CC /* ResponseDetective.swift in Sources */ = {isa = PBXBuildFile; fileRef = 3A3A01871C3A54B5008752CC /* ResponseDetective.swift */; };
		3A54CDCC1CEC731F0025C09A /* ResponseDetectiveSpec.swift in Sources */ = {isa = PBXBuildFile; fileRef = 3A54CDCB1CEC731F0025C09A /* ResponseDetectiveSpec.swift */; };
		3A54CDCD1CEC731F0025C09A /* ResponseDetectiveSpec.swift in Sources */ = {isa = PBXBuildFile; fileRef = 3A54CDCB1CEC731F0025C09A /* ResponseDetectiveSpec.swift */; };
		3A7972E11CDBAFAE0031C307 /* RDTBodyDeserializer.h in Headers */ = {isa = PBXBuildFile; fileRef = 3A7972E01CDBAFAE0031C307 /* RDTBodyDeserializer.h */; settings = {ATTRIBUTES = (Public, ); }; };
		3A7972E21CDBB0270031C307 /* RDTBodyDeserializer.h in Headers */ = {isa = PBXBuildFile; fileRef = 3A7972E01CDBAFAE0031C307 /* RDTBodyDeserializer.h */; settings = {ATTRIBUTES = (Public, ); }; };
		3A7972E61CDBB0DB0031C307 /* RDTHTMLBodyDeserializer.h in Headers */ = {isa = PBXBuildFile; fileRef = 3A7972E41CDBB0DB0031C307 /* RDTHTMLBodyDeserializer.h */; settings = {ATTRIBUTES = (Public, ); }; };
		3A7972E71CDBB0DB0031C307 /* RDTHTMLBodyDeserializer.m in Sources */ = {isa = PBXBuildFile; fileRef = 3A7972E51CDBB0DB0031C307 /* RDTHTMLBodyDeserializer.m */; };
		3A7972E81CDBB0F10031C307 /* RDTHTMLBodyDeserializer.h in Headers */ = {isa = PBXBuildFile; fileRef = 3A7972E41CDBB0DB0031C307 /* RDTHTMLBodyDeserializer.h */; settings = {ATTRIBUTES = (Public, ); }; };
		3A7972E91CDBB30A0031C307 /* RDTHTMLBodyDeserializer.m in Sources */ = {isa = PBXBuildFile; fileRef = 3A7972E51CDBB0DB0031C307 /* RDTHTMLBodyDeserializer.m */; };
		3A7972EB1CDBB4500031C307 /* ImageBodyDeserializer.swift in Sources */ = {isa = PBXBuildFile; fileRef = 3A7972EA1CDBB4500031C307 /* ImageBodyDeserializer.swift */; };
		3A7972EC1CDBB4FB0031C307 /* ImageBodyDeserializer.swift in Sources */ = {isa = PBXBuildFile; fileRef = 3A7972EA1CDBB4500031C307 /* ImageBodyDeserializer.swift */; };
		3A7972EE1CDBB7240031C307 /* PlaintextBodyDeserializer.swift in Sources */ = {isa = PBXBuildFile; fileRef = 3A7972ED1CDBB7240031C307 /* PlaintextBodyDeserializer.swift */; };
		3A7972EF1CDBB7C80031C307 /* PlaintextBodyDeserializer.swift in Sources */ = {isa = PBXBuildFile; fileRef = 3A7972ED1CDBB7240031C307 /* PlaintextBodyDeserializer.swift */; };
		3A7BDB321CEDF5C700E8EBB8 /* Dictionary.swift in Sources */ = {isa = PBXBuildFile; fileRef = 3A7BDB311CEDF5C700E8EBB8 /* Dictionary.swift */; };
		3A7BDB351CEE013E00E8EBB8 /* TestBodyDeserializer.swift in Sources */ = {isa = PBXBuildFile; fileRef = 3A7BDB341CEE013E00E8EBB8 /* TestBodyDeserializer.swift */; };
		3A7BDB361CEE013E00E8EBB8 /* TestBodyDeserializer.swift in Sources */ = {isa = PBXBuildFile; fileRef = 3A7BDB341CEE013E00E8EBB8 /* TestBodyDeserializer.swift */; };
		3AA401581CD64544000BD5DC /* ResponseDetective.h in Headers */ = {isa = PBXBuildFile; fileRef = 3AA401571CD64511000BD5DC /* ResponseDetective.h */; settings = {ATTRIBUTES = (Public, ); }; };
		3AA401591CD64545000BD5DC /* ResponseDetective.h in Headers */ = {isa = PBXBuildFile; fileRef = 3AA401571CD64511000BD5DC /* ResponseDetective.h */; settings = {ATTRIBUTES = (Public, ); }; };
		3AA401641CD65019000BD5DC /* RDTXMLBodyDeserializer.h in Headers */ = {isa = PBXBuildFile; fileRef = 3AA401611CD65019000BD5DC /* RDTXMLBodyDeserializer.h */; settings = {ATTRIBUTES = (Public, ); }; };
		3AA401661CD65019000BD5DC /* RDTXMLBodyDeserializer.m in Sources */ = {isa = PBXBuildFile; fileRef = 3AA401621CD65019000BD5DC /* RDTXMLBodyDeserializer.m */; };
		3AC132011CDD03D80057ED0B /* HTMLBodyDeserializerSpec.swift in Sources */ = {isa = PBXBuildFile; fileRef = 3AC131FF1CDD03C50057ED0B /* HTMLBodyDeserializerSpec.swift */; };
		3AC132021CDD03D80057ED0B /* HTMLBodyDeserializerSpec.swift in Sources */ = {isa = PBXBuildFile; fileRef = 3AC131FF1CDD03C50057ED0B /* HTMLBodyDeserializerSpec.swift */; };
		3ADA942D1CDCF81E00AB5736 /* JSONBodyDeserializerSpec.swift in Sources */ = {isa = PBXBuildFile; fileRef = 3ADA942C1CDCF81E00AB5736 /* JSONBodyDeserializerSpec.swift */; };
		3ADA942E1CDCF81E00AB5736 /* JSONBodyDeserializerSpec.swift in Sources */ = {isa = PBXBuildFile; fileRef = 3ADA942C1CDCF81E00AB5736 /* JSONBodyDeserializerSpec.swift */; };
		3ADA94301CDCFA9D00AB5736 /* PlaintextBodyDeserializerSpec.swift in Sources */ = {isa = PBXBuildFile; fileRef = 3ADA942F1CDCFA9D00AB5736 /* PlaintextBodyDeserializerSpec.swift */; };
		3ADA94311CDCFA9D00AB5736 /* PlaintextBodyDeserializerSpec.swift in Sources */ = {isa = PBXBuildFile; fileRef = 3ADA942F1CDCFA9D00AB5736 /* PlaintextBodyDeserializerSpec.swift */; };
		3ADA94331CDCFC7F00AB5736 /* ImageBodyDeserializerSpec.swift in Sources */ = {isa = PBXBuildFile; fileRef = 3ADA94321CDCFC7F00AB5736 /* ImageBodyDeserializerSpec.swift */; };
		3ADA94341CDCFC7F00AB5736 /* ImageBodyDeserializerSpec.swift in Sources */ = {isa = PBXBuildFile; fileRef = 3ADA94321CDCFC7F00AB5736 /* ImageBodyDeserializerSpec.swift */; };
		3ADA94361CDD022700AB5736 /* XMLBodyDeserializerSpec.swift in Sources */ = {isa = PBXBuildFile; fileRef = 3ADA94351CDD022700AB5736 /* XMLBodyDeserializerSpec.swift */; };
		3ADA94371CDD022700AB5736 /* XMLBodyDeserializerSpec.swift in Sources */ = {isa = PBXBuildFile; fileRef = 3ADA94351CDD022700AB5736 /* XMLBodyDeserializerSpec.swift */; };
		3AED3ED81B1DD7B400FA35FC /* ResponseDetective.framework in Frameworks */ = {isa = PBXBuildFile; fileRef = 3AED3ECC1B1DD7B400FA35FC /* ResponseDetective.framework */; };
		3AF4AC621CDBAD6F00490024 /* RDTXMLBodyDeserializer.h in Headers */ = {isa = PBXBuildFile; fileRef = 3AA401611CD65019000BD5DC /* RDTXMLBodyDeserializer.h */; settings = {ATTRIBUTES = (Public, ); }; };
		3AF4AC631CDBAD7F00490024 /* RDTXMLBodyDeserializer.m in Sources */ = {isa = PBXBuildFile; fileRef = 3AA401621CD65019000BD5DC /* RDTXMLBodyDeserializer.m */; };
		3AFD79531C3A83C300BFD6CD /* RequestRepresentation.swift in Sources */ = {isa = PBXBuildFile; fileRef = 3AFD79521C3A83C300BFD6CD /* RequestRepresentation.swift */; };
		3AFD79541C3A83C300BFD6CD /* RequestRepresentation.swift in Sources */ = {isa = PBXBuildFile; fileRef = 3AFD79521C3A83C300BFD6CD /* RequestRepresentation.swift */; };
		3AFD79561C3A864200BFD6CD /* ResponseRepresentation.swift in Sources */ = {isa = PBXBuildFile; fileRef = 3AFD79551C3A864200BFD6CD /* ResponseRepresentation.swift */; };
		3AFD79571C3A864200BFD6CD /* ResponseRepresentation.swift in Sources */ = {isa = PBXBuildFile; fileRef = 3AFD79551C3A864200BFD6CD /* ResponseRepresentation.swift */; };
		3AFD795C1C3AA43200BFD6CD /* OutputFacility.swift in Sources */ = {isa = PBXBuildFile; fileRef = 3AFD795B1C3AA43200BFD6CD /* OutputFacility.swift */; };
		3AFD795D1C3AA43200BFD6CD /* OutputFacility.swift in Sources */ = {isa = PBXBuildFile; fileRef = 3AFD795B1C3AA43200BFD6CD /* OutputFacility.swift */; };
		3AFD79601C3AA48800BFD6CD /* ErrorRepresentation.swift in Sources */ = {isa = PBXBuildFile; fileRef = 3AFD795F1C3AA48800BFD6CD /* ErrorRepresentation.swift */; };
		3AFD79611C3AA48800BFD6CD /* ErrorRepresentation.swift in Sources */ = {isa = PBXBuildFile; fileRef = 3AFD795F1C3AA48800BFD6CD /* ErrorRepresentation.swift */; };
		3AFD79631C3AAA5B00BFD6CD /* ConsoleOutputFacility.swift in Sources */ = {isa = PBXBuildFile; fileRef = 3AFD79621C3AAA5B00BFD6CD /* ConsoleOutputFacility.swift */; };
		3AFD79641C3AAA5B00BFD6CD /* ConsoleOutputFacility.swift in Sources */ = {isa = PBXBuildFile; fileRef = 3AFD79621C3AAA5B00BFD6CD /* ConsoleOutputFacility.swift */; };
		3AFD79681C3AD81D00BFD6CD /* RequestRepresentationSpec.swift in Sources */ = {isa = PBXBuildFile; fileRef = 3AFD79651C3AD5BC00BFD6CD /* RequestRepresentationSpec.swift */; };
		3AFD79691C3AD81D00BFD6CD /* RequestRepresentationSpec.swift in Sources */ = {isa = PBXBuildFile; fileRef = 3AFD79651C3AD5BC00BFD6CD /* RequestRepresentationSpec.swift */; };
		3AFD796B1C3C026B00BFD6CD /* ResponseRepresentationSpec.swift in Sources */ = {isa = PBXBuildFile; fileRef = 3AFD796A1C3C026B00BFD6CD /* ResponseRepresentationSpec.swift */; };
		3AFD796C1C3C026B00BFD6CD /* ResponseRepresentationSpec.swift in Sources */ = {isa = PBXBuildFile; fileRef = 3AFD796A1C3C026B00BFD6CD /* ResponseRepresentationSpec.swift */; };
		3AFD796E1C3C03C300BFD6CD /* ErrorRepresentationSpec.swift in Sources */ = {isa = PBXBuildFile; fileRef = 3AFD796D1C3C03C300BFD6CD /* ErrorRepresentationSpec.swift */; };
		3AFD796F1C3C03C300BFD6CD /* ErrorRepresentationSpec.swift in Sources */ = {isa = PBXBuildFile; fileRef = 3AFD796D1C3C03C300BFD6CD /* ErrorRepresentationSpec.swift */; };
/* End PBXBuildFile section */

/* Begin PBXContainerItemProxy section */
		3A2007E41B5501BC00769021 /* PBXContainerItemProxy */ = {
			isa = PBXContainerItemProxy;
			containerPortal = 3AED3EC31B1DD7B400FA35FC /* Project object */;
			proxyType = 1;
			remoteGlobalIDString = 3A2007D71B5501BC00769021;
			remoteInfo = "ResponseDetective (OS X)";
		};
		3AED3ED91B1DD7B400FA35FC /* PBXContainerItemProxy */ = {
			isa = PBXContainerItemProxy;
			containerPortal = 3AED3EC31B1DD7B400FA35FC /* Project object */;
			proxyType = 1;
			remoteGlobalIDString = 3AED3ECB1B1DD7B400FA35FC;
			remoteInfo = ResponseDetective;
		};
/* End PBXContainerItemProxy section */

/* Begin PBXFileReference section */
		3A0F56FD1C3E749400BC3713 /* URLProtocol.swift */ = {isa = PBXFileReference; fileEncoding = 4; lastKnownFileType = sourcecode.swift; path = URLProtocol.swift; sourceTree = "<group>"; };
		3A0F57041C3EBC9800BC3713 /* JSONBodyDeserializer.swift */ = {isa = PBXFileReference; fileEncoding = 4; lastKnownFileType = sourcecode.swift; path = JSONBodyDeserializer.swift; sourceTree = "<group>"; };
		3A16B4CB1CDF594F00C189F3 /* ConsoleOutputFacilitySpec.swift */ = {isa = PBXFileReference; fileEncoding = 4; lastKnownFileType = sourcecode.swift; path = ConsoleOutputFacilitySpec.swift; sourceTree = "<group>"; };
		3A2007D81B5501BC00769021 /* ResponseDetective.framework */ = {isa = PBXFileReference; explicitFileType = wrapper.framework; includeInIndex = 0; path = ResponseDetective.framework; sourceTree = BUILT_PRODUCTS_DIR; };
		3A2007E21B5501BC00769021 /* ResponseDetective Tests.xctest */ = {isa = PBXFileReference; explicitFileType = wrapper.cfbundle; includeInIndex = 0; path = "ResponseDetective Tests.xctest"; sourceTree = BUILT_PRODUCTS_DIR; };
		3A28D4821CD2BC9700531879 /* Framework-Common.xcconfig */ = {isa = PBXFileReference; lastKnownFileType = text.xcconfig; path = "Framework-Common.xcconfig"; sourceTree = "<group>"; };
		3A28D4831CD2BC9700531879 /* Framework-iOS-Debug.xcconfig */ = {isa = PBXFileReference; lastKnownFileType = text.xcconfig; path = "Framework-iOS-Debug.xcconfig"; sourceTree = "<group>"; };
		3A28D4841CD2BC9700531879 /* Framework-iOS-Release.xcconfig */ = {isa = PBXFileReference; lastKnownFileType = text.xcconfig; path = "Framework-iOS-Release.xcconfig"; sourceTree = "<group>"; };
		3A28D4851CD2BC9700531879 /* ResponseDetective-Common.xcconfig */ = {isa = PBXFileReference; lastKnownFileType = text.xcconfig; path = "ResponseDetective-Common.xcconfig"; sourceTree = "<group>"; };
		3A28D4861CD2BC9700531879 /* Tests-Common.xcconfig */ = {isa = PBXFileReference; lastKnownFileType = text.xcconfig; path = "Tests-Common.xcconfig"; sourceTree = "<group>"; };
		3A28D4871CD2BC9700531879 /* Tests-iOS-Debug.xcconfig */ = {isa = PBXFileReference; lastKnownFileType = text.xcconfig; path = "Tests-iOS-Debug.xcconfig"; sourceTree = "<group>"; };
		3A28D4881CD2BC9700531879 /* Tests-iOS-Release.xcconfig */ = {isa = PBXFileReference; lastKnownFileType = text.xcconfig; path = "Tests-iOS-Release.xcconfig"; sourceTree = "<group>"; };
		3A3A01871C3A54B5008752CC /* ResponseDetective.swift */ = {isa = PBXFileReference; fileEncoding = 4; lastKnownFileType = sourcecode.swift; path = ResponseDetective.swift; sourceTree = "<group>"; };
		3A54CDCB1CEC731F0025C09A /* ResponseDetectiveSpec.swift */ = {isa = PBXFileReference; fileEncoding = 4; lastKnownFileType = sourcecode.swift; path = ResponseDetectiveSpec.swift; sourceTree = "<group>"; };
		3A7972E01CDBAFAE0031C307 /* RDTBodyDeserializer.h */ = {isa = PBXFileReference; fileEncoding = 4; lastKnownFileType = sourcecode.c.h; path = RDTBodyDeserializer.h; sourceTree = "<group>"; };
		3A7972E41CDBB0DB0031C307 /* RDTHTMLBodyDeserializer.h */ = {isa = PBXFileReference; fileEncoding = 4; lastKnownFileType = sourcecode.c.h; path = RDTHTMLBodyDeserializer.h; sourceTree = "<group>"; };
		3A7972E51CDBB0DB0031C307 /* RDTHTMLBodyDeserializer.m */ = {isa = PBXFileReference; fileEncoding = 4; lastKnownFileType = sourcecode.c.objc; path = RDTHTMLBodyDeserializer.m; sourceTree = "<group>"; };
		3A7972EA1CDBB4500031C307 /* ImageBodyDeserializer.swift */ = {isa = PBXFileReference; fileEncoding = 4; lastKnownFileType = sourcecode.swift; path = ImageBodyDeserializer.swift; sourceTree = "<group>"; };
		3A7972ED1CDBB7240031C307 /* PlaintextBodyDeserializer.swift */ = {isa = PBXFileReference; fileEncoding = 4; lastKnownFileType = sourcecode.swift; path = PlaintextBodyDeserializer.swift; sourceTree = "<group>"; };
		3A7BDB311CEDF5C700E8EBB8 /* Dictionary.swift */ = {isa = PBXFileReference; fileEncoding = 4; lastKnownFileType = sourcecode.swift; path = Dictionary.swift; sourceTree = "<group>"; };
		3A7BDB341CEE013E00E8EBB8 /* TestBodyDeserializer.swift */ = {isa = PBXFileReference; fileEncoding = 4; lastKnownFileType = sourcecode.swift; path = TestBodyDeserializer.swift; sourceTree = "<group>"; };
		3A7D01841CD3BBD000B7FBD7 /* ResponseDetective-Info.plist */ = {isa = PBXFileReference; lastKnownFileType = text.plist.xml; path = "ResponseDetective-Info.plist"; sourceTree = "<group>"; };
		3A7D01851CD3BBD000B7FBD7 /* ResponseDetective-Tests-Info.plist */ = {isa = PBXFileReference; lastKnownFileType = text.plist.xml; path = "ResponseDetective-Tests-Info.plist"; sourceTree = "<group>"; };
		3A7D01861CD3BE0100B7FBD7 /* Framework-OSX-Debug.xcconfig */ = {isa = PBXFileReference; lastKnownFileType = text.xcconfig; path = "Framework-OSX-Debug.xcconfig"; sourceTree = "<group>"; };
		3A7D01871CD3BE6300B7FBD7 /* Framework-OSX-Release.xcconfig */ = {isa = PBXFileReference; lastKnownFileType = text.xcconfig; path = "Framework-OSX-Release.xcconfig"; sourceTree = "<group>"; };
		3A7D01881CD3BEC900B7FBD7 /* Tests-OSX-Debug.xcconfig */ = {isa = PBXFileReference; lastKnownFileType = text.xcconfig; path = "Tests-OSX-Debug.xcconfig"; sourceTree = "<group>"; };
		3A7D01891CD3BEE900B7FBD7 /* Tests-OSX-Release.xcconfig */ = {isa = PBXFileReference; lastKnownFileType = text.xcconfig; path = "Tests-OSX-Release.xcconfig"; sourceTree = "<group>"; };
		3AA401571CD64511000BD5DC /* ResponseDetective.h */ = {isa = PBXFileReference; lastKnownFileType = sourcecode.c.h; path = ResponseDetective.h; sourceTree = "<group>"; };
		3AA401611CD65019000BD5DC /* RDTXMLBodyDeserializer.h */ = {isa = PBXFileReference; fileEncoding = 4; lastKnownFileType = sourcecode.c.h; path = RDTXMLBodyDeserializer.h; sourceTree = "<group>"; };
		3AA401621CD65019000BD5DC /* RDTXMLBodyDeserializer.m */ = {isa = PBXFileReference; fileEncoding = 4; lastKnownFileType = sourcecode.c.objc; path = RDTXMLBodyDeserializer.m; sourceTree = "<group>"; };
		3AC131FF1CDD03C50057ED0B /* HTMLBodyDeserializerSpec.swift */ = {isa = PBXFileReference; fileEncoding = 4; lastKnownFileType = sourcecode.swift; path = HTMLBodyDeserializerSpec.swift; sourceTree = "<group>"; };
		3ACCEBCF1B21C84D006C0FF4 /* ResponseDetective.playground */ = {isa = PBXFileReference; lastKnownFileType = file.playground; path = ResponseDetective.playground; sourceTree = "<group>"; };
		3ADA942C1CDCF81E00AB5736 /* JSONBodyDeserializerSpec.swift */ = {isa = PBXFileReference; fileEncoding = 4; lastKnownFileType = sourcecode.swift; path = JSONBodyDeserializerSpec.swift; sourceTree = "<group>"; };
		3ADA942F1CDCFA9D00AB5736 /* PlaintextBodyDeserializerSpec.swift */ = {isa = PBXFileReference; fileEncoding = 4; lastKnownFileType = sourcecode.swift; path = PlaintextBodyDeserializerSpec.swift; sourceTree = "<group>"; };
		3ADA94321CDCFC7F00AB5736 /* ImageBodyDeserializerSpec.swift */ = {isa = PBXFileReference; fileEncoding = 4; lastKnownFileType = sourcecode.swift; path = ImageBodyDeserializerSpec.swift; sourceTree = "<group>"; };
		3ADA94351CDD022700AB5736 /* XMLBodyDeserializerSpec.swift */ = {isa = PBXFileReference; fileEncoding = 4; lastKnownFileType = sourcecode.swift; path = XMLBodyDeserializerSpec.swift; sourceTree = "<group>"; };
		3AED3ECC1B1DD7B400FA35FC /* ResponseDetective.framework */ = {isa = PBXFileReference; explicitFileType = wrapper.framework; includeInIndex = 0; path = ResponseDetective.framework; sourceTree = BUILT_PRODUCTS_DIR; };
		3AED3ED71B1DD7B400FA35FC /* ResponseDetective Tests.xctest */ = {isa = PBXFileReference; explicitFileType = wrapper.cfbundle; includeInIndex = 0; path = "ResponseDetective Tests.xctest"; sourceTree = BUILT_PRODUCTS_DIR; };
		3AFD79521C3A83C300BFD6CD /* RequestRepresentation.swift */ = {isa = PBXFileReference; fileEncoding = 4; lastKnownFileType = sourcecode.swift; path = RequestRepresentation.swift; sourceTree = "<group>"; };
		3AFD79551C3A864200BFD6CD /* ResponseRepresentation.swift */ = {isa = PBXFileReference; fileEncoding = 4; lastKnownFileType = sourcecode.swift; path = ResponseRepresentation.swift; sourceTree = "<group>"; };
		3AFD795B1C3AA43200BFD6CD /* OutputFacility.swift */ = {isa = PBXFileReference; fileEncoding = 4; lastKnownFileType = sourcecode.swift; path = OutputFacility.swift; sourceTree = "<group>"; };
		3AFD795F1C3AA48800BFD6CD /* ErrorRepresentation.swift */ = {isa = PBXFileReference; fileEncoding = 4; lastKnownFileType = sourcecode.swift; path = ErrorRepresentation.swift; sourceTree = "<group>"; };
		3AFD79621C3AAA5B00BFD6CD /* ConsoleOutputFacility.swift */ = {isa = PBXFileReference; fileEncoding = 4; lastKnownFileType = sourcecode.swift; path = ConsoleOutputFacility.swift; sourceTree = "<group>"; };
		3AFD79651C3AD5BC00BFD6CD /* RequestRepresentationSpec.swift */ = {isa = PBXFileReference; fileEncoding = 4; lastKnownFileType = sourcecode.swift; path = RequestRepresentationSpec.swift; sourceTree = "<group>"; };
		3AFD796A1C3C026B00BFD6CD /* ResponseRepresentationSpec.swift */ = {isa = PBXFileReference; fileEncoding = 4; lastKnownFileType = sourcecode.swift; path = ResponseRepresentationSpec.swift; sourceTree = "<group>"; };
		3AFD796D1C3C03C300BFD6CD /* ErrorRepresentationSpec.swift */ = {isa = PBXFileReference; fileEncoding = 4; lastKnownFileType = sourcecode.swift; path = ErrorRepresentationSpec.swift; sourceTree = "<group>"; };
/* End PBXFileReference section */

/* Begin PBXFrameworksBuildPhase section */
		3A2007D41B5501BC00769021 /* Frameworks */ = {
			isa = PBXFrameworksBuildPhase;
			buildActionMask = 2147483647;
			files = (
			);
			runOnlyForDeploymentPostprocessing = 0;
		};
		3A2007DF1B5501BC00769021 /* Frameworks */ = {
			isa = PBXFrameworksBuildPhase;
			buildActionMask = 2147483647;
			files = (
				3A2007E31B5501BC00769021 /* ResponseDetective.framework in Frameworks */,
			);
			runOnlyForDeploymentPostprocessing = 0;
		};
		3AED3EC81B1DD7B400FA35FC /* Frameworks */ = {
			isa = PBXFrameworksBuildPhase;
			buildActionMask = 2147483647;
			files = (
			);
			runOnlyForDeploymentPostprocessing = 0;
		};
		3AED3ED41B1DD7B400FA35FC /* Frameworks */ = {
			isa = PBXFrameworksBuildPhase;
			buildActionMask = 2147483647;
			files = (
				3AED3ED81B1DD7B400FA35FC /* ResponseDetective.framework in Frameworks */,
			);
			runOnlyForDeploymentPostprocessing = 0;
		};
/* End PBXFrameworksBuildPhase section */

/* Begin PBXGroup section */
		3A0F57001C3EA01600BC3713 /* Body Deserializers */ = {
			isa = PBXGroup;
			children = (
				3A7972E01CDBAFAE0031C307 /* RDTBodyDeserializer.h */,
				3A0F57041C3EBC9800BC3713 /* JSONBodyDeserializer.swift */,
				3A7972EA1CDBB4500031C307 /* ImageBodyDeserializer.swift */,
				3A7972ED1CDBB7240031C307 /* PlaintextBodyDeserializer.swift */,
				3AA4015D1CD64FD7000BD5DC /* XMLBodyDeserializer */,
				3A7972E31CDBB0BD0031C307 /* HTMLBodyDeserializer */,
			);
			name = "Body Deserializers";
			sourceTree = "<group>";
		};
		3A0F57071C3EC0E700BC3713 /* Internal Implementation */ = {
			isa = PBXGroup;
			children = (
				3A7BDB311CEDF5C700E8EBB8 /* Dictionary.swift */,
				3A0F56FD1C3E749400BC3713 /* URLProtocol.swift */,
			);
			name = "Internal Implementation";
			sourceTree = "<group>";
		};
		3A16B4CA1CDF512E00C189F3 /* Output Facilities */ = {
			isa = PBXGroup;
			children = (
				3A16B4CB1CDF594F00C189F3 /* ConsoleOutputFacilitySpec.swift */,
			);
			name = "Output Facilities";
			sourceTree = "<group>";
		};
		3A28D4811CD2BC9700531879 /* Configuration */ = {
			isa = PBXGroup;
			children = (
				3A28D4851CD2BC9700531879 /* ResponseDetective-Common.xcconfig */,
				3A28D4821CD2BC9700531879 /* Framework-Common.xcconfig */,
				3A28D4831CD2BC9700531879 /* Framework-iOS-Debug.xcconfig */,
				3A28D4841CD2BC9700531879 /* Framework-iOS-Release.xcconfig */,
				3A7D01861CD3BE0100B7FBD7 /* Framework-OSX-Debug.xcconfig */,
				3A7D01871CD3BE6300B7FBD7 /* Framework-OSX-Release.xcconfig */,
				3A28D4861CD2BC9700531879 /* Tests-Common.xcconfig */,
				3A28D4871CD2BC9700531879 /* Tests-iOS-Debug.xcconfig */,
				3A28D4881CD2BC9700531879 /* Tests-iOS-Release.xcconfig */,
				3A7D01881CD3BEC900B7FBD7 /* Tests-OSX-Debug.xcconfig */,
				3A7D01891CD3BEE900B7FBD7 /* Tests-OSX-Release.xcconfig */,
			);
			path = Configuration;
			sourceTree = "<group>";
		};
		3A7972E31CDBB0BD0031C307 /* HTMLBodyDeserializer */ = {
			isa = PBXGroup;
			children = (
				3A7972E41CDBB0DB0031C307 /* RDTHTMLBodyDeserializer.h */,
				3A7972E51CDBB0DB0031C307 /* RDTHTMLBodyDeserializer.m */,
			);
			name = HTMLBodyDeserializer;
			sourceTree = "<group>";
		};
		3A7BDB331CEE012D00E8EBB8 /* Test Types */ = {
			isa = PBXGroup;
			children = (
				3A7BDB341CEE013E00E8EBB8 /* TestBodyDeserializer.swift */,
			);
			name = "Test Types";
			sourceTree = "<group>";
		};
		3A7D01831CD3BBD000B7FBD7 /* Supporting Files */ = {
			isa = PBXGroup;
			children = (
				3AA401571CD64511000BD5DC /* ResponseDetective.h */,
				3A7D01841CD3BBD000B7FBD7 /* ResponseDetective-Info.plist */,
				3A7D01851CD3BBD000B7FBD7 /* ResponseDetective-Tests-Info.plist */,
			);
			name = "Supporting Files";
			path = Support;
			sourceTree = "<group>";
		};
		3AA4015D1CD64FD7000BD5DC /* XMLBodyDeserializer */ = {
			isa = PBXGroup;
			children = (
				3AA401611CD65019000BD5DC /* RDTXMLBodyDeserializer.h */,
				3AA401621CD65019000BD5DC /* RDTXMLBodyDeserializer.m */,
			);
			name = XMLBodyDeserializer;
			sourceTree = "<group>";
		};
		3AC784A01B1DE44300884F99 /* ResponseDetective */ = {
			isa = PBXGroup;
			children = (
				3A3A01871C3A54B5008752CC /* ResponseDetective.swift */,
				3AFD79581C3A88FA00BFD6CD /* Representations */,
				3AFD79591C3AA3FF00BFD6CD /* Output Facilities */,
				3A0F57001C3EA01600BC3713 /* Body Deserializers */,
				3A0F57071C3EC0E700BC3713 /* Internal Implementation */,
			);
			name = ResponseDetective;
			path = Sources;
			sourceTree = "<group>";
		};
		3AC784AC1B1DE82400884F99 /* ResponseDetective Tests */ = {
			isa = PBXGroup;
			children = (
				3A54CDCB1CEC731F0025C09A /* ResponseDetectiveSpec.swift */,
				3ADA942A1CDCF63200AB5736 /* Representations */,
				3A16B4CA1CDF512E00C189F3 /* Output Facilities */,
				3ADA942B1CDCF63B00AB5736 /* Body Deserializers */,
				3A7BDB331CEE012D00E8EBB8 /* Test Types */,
			);
			name = "ResponseDetective Tests";
			path = Tests;
			sourceTree = "<group>";
		};
		3ADA942A1CDCF63200AB5736 /* Representations */ = {
			isa = PBXGroup;
			children = (
				3AFD79651C3AD5BC00BFD6CD /* RequestRepresentationSpec.swift */,
				3AFD796A1C3C026B00BFD6CD /* ResponseRepresentationSpec.swift */,
				3AFD796D1C3C03C300BFD6CD /* ErrorRepresentationSpec.swift */,
			);
			name = Representations;
			sourceTree = "<group>";
		};
		3ADA942B1CDCF63B00AB5736 /* Body Deserializers */ = {
			isa = PBXGroup;
			children = (
				3ADA942C1CDCF81E00AB5736 /* JSONBodyDeserializerSpec.swift */,
				3ADA94321CDCFC7F00AB5736 /* ImageBodyDeserializerSpec.swift */,
				3ADA942F1CDCFA9D00AB5736 /* PlaintextBodyDeserializerSpec.swift */,
				3ADA94351CDD022700AB5736 /* XMLBodyDeserializerSpec.swift */,
				3AC131FF1CDD03C50057ED0B /* HTMLBodyDeserializerSpec.swift */,
			);
			name = "Body Deserializers";
			sourceTree = "<group>";
		};
		3AED3EC21B1DD7B400FA35FC = {
			isa = PBXGroup;
			children = (
				3ACCEBCF1B21C84D006C0FF4 /* ResponseDetective.playground */,
				3AC784A01B1DE44300884F99 /* ResponseDetective */,
				3AC784AC1B1DE82400884F99 /* ResponseDetective Tests */,
				3A7D01831CD3BBD000B7FBD7 /* Supporting Files */,
				3A28D4811CD2BC9700531879 /* Configuration */,
				3AED3ECD1B1DD7B400FA35FC /* Products */,
			);
			sourceTree = "<group>";
		};
		3AED3ECD1B1DD7B400FA35FC /* Products */ = {
			isa = PBXGroup;
			children = (
				3AED3ECC1B1DD7B400FA35FC /* ResponseDetective.framework */,
				3AED3ED71B1DD7B400FA35FC /* ResponseDetective Tests.xctest */,
				3A2007D81B5501BC00769021 /* ResponseDetective.framework */,
				3A2007E21B5501BC00769021 /* ResponseDetective Tests.xctest */,
			);
			name = Products;
			sourceTree = "<group>";
		};
		3AFD79581C3A88FA00BFD6CD /* Representations */ = {
			isa = PBXGroup;
			children = (
				3AFD79521C3A83C300BFD6CD /* RequestRepresentation.swift */,
				3AFD79551C3A864200BFD6CD /* ResponseRepresentation.swift */,
				3AFD795F1C3AA48800BFD6CD /* ErrorRepresentation.swift */,
			);
			name = Representations;
			sourceTree = "<group>";
		};
		3AFD79591C3AA3FF00BFD6CD /* Output Facilities */ = {
			isa = PBXGroup;
			children = (
				3AFD795B1C3AA43200BFD6CD /* OutputFacility.swift */,
				3AFD79621C3AAA5B00BFD6CD /* ConsoleOutputFacility.swift */,
			);
			name = "Output Facilities";
			sourceTree = "<group>";
		};
/* End PBXGroup section */

/* Begin PBXHeadersBuildPhase section */
		3A2007D51B5501BC00769021 /* Headers */ = {
			isa = PBXHeadersBuildPhase;
			buildActionMask = 2147483647;
			files = (
				3AA401641CD65019000BD5DC /* RDTXMLBodyDeserializer.h in Headers */,
				3A7972E21CDBB0270031C307 /* RDTBodyDeserializer.h in Headers */,
				3AA401591CD64545000BD5DC /* ResponseDetective.h in Headers */,
				3A7972E81CDBB0F10031C307 /* RDTHTMLBodyDeserializer.h in Headers */,
			);
			runOnlyForDeploymentPostprocessing = 0;
		};
		3AED3EC91B1DD7B400FA35FC /* Headers */ = {
			isa = PBXHeadersBuildPhase;
			buildActionMask = 2147483647;
			files = (
				3AF4AC621CDBAD6F00490024 /* RDTXMLBodyDeserializer.h in Headers */,
				3A7972E11CDBAFAE0031C307 /* RDTBodyDeserializer.h in Headers */,
				3AA401581CD64544000BD5DC /* ResponseDetective.h in Headers */,
				3A7972E61CDBB0DB0031C307 /* RDTHTMLBodyDeserializer.h in Headers */,
			);
			runOnlyForDeploymentPostprocessing = 0;
		};
/* End PBXHeadersBuildPhase section */

/* Begin PBXNativeTarget section */
		3A2007D71B5501BC00769021 /* ResponseDetective (OS X) */ = {
			isa = PBXNativeTarget;
			buildConfigurationList = 3A2007EB1B5501BC00769021 /* Build configuration list for PBXNativeTarget "ResponseDetective (OS X)" */;
			buildPhases = (
				3A2007D31B5501BC00769021 /* Sources */,
				3A2007D41B5501BC00769021 /* Frameworks */,
				3A2007D51B5501BC00769021 /* Headers */,
				3A2007D61B5501BC00769021 /* Resources */,
			);
			buildRules = (
			);
			dependencies = (
			);
			name = "ResponseDetective (OS X)";
			productName = "ResponseDetective (OS X)";
			productReference = 3A2007D81B5501BC00769021 /* ResponseDetective.framework */;
			productType = "com.apple.product-type.framework";
		};
		3A2007E11B5501BC00769021 /* ResponseDetective (OS X) Tests */ = {
			isa = PBXNativeTarget;
			buildConfigurationList = 3A2007EE1B5501BC00769021 /* Build configuration list for PBXNativeTarget "ResponseDetective (OS X) Tests" */;
			buildPhases = (
				3A2007DE1B5501BC00769021 /* Sources */,
				3A2007DF1B5501BC00769021 /* Frameworks */,
				3A2007E01B5501BC00769021 /* Resources */,
				3A7D018A1CD3C09B00B7FBD7 /* Copy Carthage Frameworks */,
			);
			buildRules = (
			);
			dependencies = (
				3A2007E51B5501BC00769021 /* PBXTargetDependency */,
			);
			name = "ResponseDetective (OS X) Tests";
			productName = "ResponseDetective (OS X)Tests";
			productReference = 3A2007E21B5501BC00769021 /* ResponseDetective Tests.xctest */;
			productType = "com.apple.product-type.bundle.unit-test";
		};
		3AED3ECB1B1DD7B400FA35FC /* ResponseDetective (iOS) */ = {
			isa = PBXNativeTarget;
			buildConfigurationList = 3AED3EE21B1DD7B400FA35FC /* Build configuration list for PBXNativeTarget "ResponseDetective (iOS)" */;
			buildPhases = (
				3AED3EC71B1DD7B400FA35FC /* Sources */,
				3AED3EC81B1DD7B400FA35FC /* Frameworks */,
				3AED3EC91B1DD7B400FA35FC /* Headers */,
				3AED3ECA1B1DD7B400FA35FC /* Resources */,
			);
			buildRules = (
			);
			dependencies = (
			);
			name = "ResponseDetective (iOS)";
			productName = ResponseDetective;
			productReference = 3AED3ECC1B1DD7B400FA35FC /* ResponseDetective.framework */;
			productType = "com.apple.product-type.framework";
		};
		3AED3ED61B1DD7B400FA35FC /* ResponseDetective (iOS) Tests */ = {
			isa = PBXNativeTarget;
			buildConfigurationList = 3AED3EE51B1DD7B400FA35FC /* Build configuration list for PBXNativeTarget "ResponseDetective (iOS) Tests" */;
			buildPhases = (
				3AED3ED31B1DD7B400FA35FC /* Sources */,
				3AED3ED41B1DD7B400FA35FC /* Frameworks */,
				3AED3ED51B1DD7B400FA35FC /* Resources */,
				3ACCEBDB1B21D70D006C0FF4 /* Copy Carthage Frameworks */,
			);
			buildRules = (
			);
			dependencies = (
				3AED3EDA1B1DD7B400FA35FC /* PBXTargetDependency */,
			);
			name = "ResponseDetective (iOS) Tests";
			productName = ResponseDetectiveTests;
			productReference = 3AED3ED71B1DD7B400FA35FC /* ResponseDetective Tests.xctest */;
			productType = "com.apple.product-type.bundle.unit-test";
		};
/* End PBXNativeTarget section */

/* Begin PBXProject section */
		3AED3EC31B1DD7B400FA35FC /* Project object */ = {
			isa = PBXProject;
			attributes = {
				CLASSPREFIX = RDT;
				LastSwiftMigration = 0700;
				LastSwiftUpdateCheck = 0730;
				LastUpgradeCheck = 0730;
				ORGANIZATIONNAME = "Netguru Sp. z o.o.";
				TargetAttributes = {
					3A2007D71B5501BC00769021 = {
						CreatedOnToolsVersion = 6.4;
					};
					3A2007E11B5501BC00769021 = {
						CreatedOnToolsVersion = 6.4;
					};
					3AED3ECB1B1DD7B400FA35FC = {
						CreatedOnToolsVersion = 6.3.2;
					};
					3AED3ED61B1DD7B400FA35FC = {
						CreatedOnToolsVersion = 6.3.2;
					};
				};
			};
			buildConfigurationList = 3AED3EC61B1DD7B400FA35FC /* Build configuration list for PBXProject "ResponseDetective" */;
			compatibilityVersion = "Xcode 3.2";
			developmentRegion = English;
			hasScannedForEncodings = 0;
			knownRegions = (
				en,
			);
			mainGroup = 3AED3EC21B1DD7B400FA35FC;
			productRefGroup = 3AED3ECD1B1DD7B400FA35FC /* Products */;
			projectDirPath = "";
			projectRoot = "";
			targets = (
				3AED3ECB1B1DD7B400FA35FC /* ResponseDetective (iOS) */,
				3AED3ED61B1DD7B400FA35FC /* ResponseDetective (iOS) Tests */,
				3A2007D71B5501BC00769021 /* ResponseDetective (OS X) */,
				3A2007E11B5501BC00769021 /* ResponseDetective (OS X) Tests */,
			);
		};
/* End PBXProject section */

/* Begin PBXResourcesBuildPhase section */
		3A2007D61B5501BC00769021 /* Resources */ = {
			isa = PBXResourcesBuildPhase;
			buildActionMask = 2147483647;
			files = (
			);
			runOnlyForDeploymentPostprocessing = 0;
		};
		3A2007E01B5501BC00769021 /* Resources */ = {
			isa = PBXResourcesBuildPhase;
			buildActionMask = 2147483647;
			files = (
			);
			runOnlyForDeploymentPostprocessing = 0;
		};
		3AED3ECA1B1DD7B400FA35FC /* Resources */ = {
			isa = PBXResourcesBuildPhase;
			buildActionMask = 2147483647;
			files = (
			);
			runOnlyForDeploymentPostprocessing = 0;
		};
		3AED3ED51B1DD7B400FA35FC /* Resources */ = {
			isa = PBXResourcesBuildPhase;
			buildActionMask = 2147483647;
			files = (
			);
			runOnlyForDeploymentPostprocessing = 0;
		};
/* End PBXResourcesBuildPhase section */

/* Begin PBXShellScriptBuildPhase section */
		3A7D018A1CD3C09B00B7FBD7 /* Copy Carthage Frameworks */ = {
			isa = PBXShellScriptBuildPhase;
			buildActionMask = 2147483647;
			files = (
			);
			inputPaths = (
				"$(SRCROOT)/Carthage/Build/Mac/Quick.framework",
				"$(SRCROOT)/Carthage/Build/Mac/Nimble.framework",
			);
			name = "Copy Carthage Frameworks";
			outputPaths = (
			);
			runOnlyForDeploymentPostprocessing = 0;
			shellPath = /bin/sh;
			shellScript = "carthage copy-frameworks";
			showEnvVarsInLog = 0;
		};
		3ACCEBDB1B21D70D006C0FF4 /* Copy Carthage Frameworks */ = {
			isa = PBXShellScriptBuildPhase;
			buildActionMask = 2147483647;
			files = (
			);
			inputPaths = (
				"$(SRCROOT)/Carthage/Build/iOS/Nimble.framework",
				"$(SRCROOT)/Carthage/Build/iOS/Quick.framework",
			);
			name = "Copy Carthage Frameworks";
			outputPaths = (
			);
			runOnlyForDeploymentPostprocessing = 0;
			shellPath = /bin/sh;
			shellScript = "carthage copy-frameworks";
			showEnvVarsInLog = 0;
		};
/* End PBXShellScriptBuildPhase section */

/* Begin PBXSourcesBuildPhase section */
		3A2007D31B5501BC00769021 /* Sources */ = {
			isa = PBXSourcesBuildPhase;
			buildActionMask = 2147483647;
			files = (
				3A0F57061C3EBC9800BC3713 /* JSONBodyDeserializer.swift in Sources */,
				3AFD79641C3AAA5B00BFD6CD /* ConsoleOutputFacility.swift in Sources */,
				3A7972E91CDBB30A0031C307 /* RDTHTMLBodyDeserializer.m in Sources */,
				3AFD79541C3A83C300BFD6CD /* RequestRepresentation.swift in Sources */,
				3AA401661CD65019000BD5DC /* RDTXMLBodyDeserializer.m in Sources */,
				3AFD795D1C3AA43200BFD6CD /* OutputFacility.swift in Sources */,
				3AFD79611C3AA48800BFD6CD /* ErrorRepresentation.swift in Sources */,
				3AFD79571C3A864200BFD6CD /* ResponseRepresentation.swift in Sources */,
				3A7972EF1CDBB7C80031C307 /* PlaintextBodyDeserializer.swift in Sources */,
				3A7972EC1CDBB4FB0031C307 /* ImageBodyDeserializer.swift in Sources */,
				3A0F56FF1C3E749400BC3713 /* URLProtocol.swift in Sources */,
				3A3A01891C3A54B5008752CC /* ResponseDetective.swift in Sources */,
			);
			runOnlyForDeploymentPostprocessing = 0;
		};
		3A2007DE1B5501BC00769021 /* Sources */ = {
			isa = PBXSourcesBuildPhase;
			buildActionMask = 2147483647;
			files = (
				3ADA94311CDCFA9D00AB5736 /* PlaintextBodyDeserializerSpec.swift in Sources */,
				3ADA94341CDCFC7F00AB5736 /* ImageBodyDeserializerSpec.swift in Sources */,
				3AC132021CDD03D80057ED0B /* HTMLBodyDeserializerSpec.swift in Sources */,
				3A54CDCD1CEC731F0025C09A /* ResponseDetectiveSpec.swift in Sources */,
				3ADA94371CDD022700AB5736 /* XMLBodyDeserializerSpec.swift in Sources */,
				3AFD796C1C3C026B00BFD6CD /* ResponseRepresentationSpec.swift in Sources */,
				3AFD796F1C3C03C300BFD6CD /* ErrorRepresentationSpec.swift in Sources */,
				3AFD79681C3AD81D00BFD6CD /* RequestRepresentationSpec.swift in Sources */,
				3A16B4CD1CDF594F00C189F3 /* ConsoleOutputFacilitySpec.swift in Sources */,
				3ADA942E1CDCF81E00AB5736 /* JSONBodyDeserializerSpec.swift in Sources */,
				3A7BDB361CEE013E00E8EBB8 /* TestBodyDeserializer.swift in Sources */,
			);
			runOnlyForDeploymentPostprocessing = 0;
		};
		3AED3EC71B1DD7B400FA35FC /* Sources */ = {
			isa = PBXSourcesBuildPhase;
			buildActionMask = 2147483647;
			files = (
				3A0F57051C3EBC9800BC3713 /* JSONBodyDeserializer.swift in Sources */,
				3AFD79631C3AAA5B00BFD6CD /* ConsoleOutputFacility.swift in Sources */,
				3A7972E71CDBB0DB0031C307 /* RDTHTMLBodyDeserializer.m in Sources */,
				3A7BDB321CEDF5C700E8EBB8 /* Dictionary.swift in Sources */,
				3AFD79531C3A83C300BFD6CD /* RequestRepresentation.swift in Sources */,
				3AF4AC631CDBAD7F00490024 /* RDTXMLBodyDeserializer.m in Sources */,
				3AFD795C1C3AA43200BFD6CD /* OutputFacility.swift in Sources */,
				3AFD79601C3AA48800BFD6CD /* ErrorRepresentation.swift in Sources */,
				3AFD79561C3A864200BFD6CD /* ResponseRepresentation.swift in Sources */,
				3A7972EE1CDBB7240031C307 /* PlaintextBodyDeserializer.swift in Sources */,
				3A7972EB1CDBB4500031C307 /* ImageBodyDeserializer.swift in Sources */,
				3A0F56FE1C3E749400BC3713 /* URLProtocol.swift in Sources */,
				3A3A01881C3A54B5008752CC /* ResponseDetective.swift in Sources */,
			);
			runOnlyForDeploymentPostprocessing = 0;
		};
		3AED3ED31B1DD7B400FA35FC /* Sources */ = {
			isa = PBXSourcesBuildPhase;
			buildActionMask = 2147483647;
			files = (
				3ADA94301CDCFA9D00AB5736 /* PlaintextBodyDeserializerSpec.swift in Sources */,
				3ADA94331CDCFC7F00AB5736 /* ImageBodyDeserializerSpec.swift in Sources */,
				3AC132011CDD03D80057ED0B /* HTMLBodyDeserializerSpec.swift in Sources */,
				3A54CDCC1CEC731F0025C09A /* ResponseDetectiveSpec.swift in Sources */,
				3ADA94361CDD022700AB5736 /* XMLBodyDeserializerSpec.swift in Sources */,
				3AFD796B1C3C026B00BFD6CD /* ResponseRepresentationSpec.swift in Sources */,
				3AFD796E1C3C03C300BFD6CD /* ErrorRepresentationSpec.swift in Sources */,
				3AFD79691C3AD81D00BFD6CD /* RequestRepresentationSpec.swift in Sources */,
				3A16B4CC1CDF594F00C189F3 /* ConsoleOutputFacilitySpec.swift in Sources */,
				3ADA942D1CDCF81E00AB5736 /* JSONBodyDeserializerSpec.swift in Sources */,
				3A7BDB351CEE013E00E8EBB8 /* TestBodyDeserializer.swift in Sources */,
			);
			runOnlyForDeploymentPostprocessing = 0;
		};
/* End PBXSourcesBuildPhase section */

/* Begin PBXTargetDependency section */
		3A2007E51B5501BC00769021 /* PBXTargetDependency */ = {
			isa = PBXTargetDependency;
			target = 3A2007D71B5501BC00769021 /* ResponseDetective (OS X) */;
			targetProxy = 3A2007E41B5501BC00769021 /* PBXContainerItemProxy */;
		};
		3AED3EDA1B1DD7B400FA35FC /* PBXTargetDependency */ = {
			isa = PBXTargetDependency;
			target = 3AED3ECB1B1DD7B400FA35FC /* ResponseDetective (iOS) */;
			targetProxy = 3AED3ED91B1DD7B400FA35FC /* PBXContainerItemProxy */;
		};
/* End PBXTargetDependency section */

/* Begin XCBuildConfiguration section */
		3A2007EC1B5501BC00769021 /* Debug */ = {
			isa = XCBuildConfiguration;
			baseConfigurationReference = 3A7D01861CD3BE0100B7FBD7 /* Framework-OSX-Debug.xcconfig */;
			buildSettings = {
				CLANG_ENABLE_MODULES = YES;
				DEFINES_MODULE = YES;
				LD_RUNPATH_SEARCH_PATHS = "$(inherited) @executable_path/../Frameworks @loader_path/Frameworks";
				SWIFT_OPTIMIZATION_LEVEL = "-Onone";
			};
			name = Debug;
		};
		3A2007ED1B5501BC00769021 /* Release */ = {
			isa = XCBuildConfiguration;
			baseConfigurationReference = 3A7D01871CD3BE6300B7FBD7 /* Framework-OSX-Release.xcconfig */;
			buildSettings = {
				CLANG_ENABLE_MODULES = YES;
				DEFINES_MODULE = YES;
				LD_RUNPATH_SEARCH_PATHS = "$(inherited) @executable_path/../Frameworks @loader_path/Frameworks";
			};
			name = Release;
		};
		3A2007EF1B5501BC00769021 /* Debug */ = {
			isa = XCBuildConfiguration;
			baseConfigurationReference = 3A7D01881CD3BEC900B7FBD7 /* Tests-OSX-Debug.xcconfig */;
			buildSettings = {
			};
			name = Debug;
		};
		3A2007F01B5501BC00769021 /* Release */ = {
			isa = XCBuildConfiguration;
			baseConfigurationReference = 3A7D01891CD3BEE900B7FBD7 /* Tests-OSX-Release.xcconfig */;
			buildSettings = {
			};
			name = Release;
		};
		3AED3EE01B1DD7B400FA35FC /* Debug */ = {
			isa = XCBuildConfiguration;
			buildSettings = {
			};
			name = Debug;
		};
		3AED3EE11B1DD7B400FA35FC /* Release */ = {
			isa = XCBuildConfiguration;
			buildSettings = {
			};
			name = Release;
		};
		3AED3EE31B1DD7B400FA35FC /* Debug */ = {
			isa = XCBuildConfiguration;
			baseConfigurationReference = 3A28D4831CD2BC9700531879 /* Framework-iOS-Debug.xcconfig */;
			buildSettings = {
			};
			name = Debug;
		};
		3AED3EE41B1DD7B400FA35FC /* Release */ = {
			isa = XCBuildConfiguration;
			baseConfigurationReference = 3A28D4841CD2BC9700531879 /* Framework-iOS-Release.xcconfig */;
			buildSettings = {
			};
			name = Release;
		};
		3AED3EE61B1DD7B400FA35FC /* Debug */ = {
			isa = XCBuildConfiguration;
			baseConfigurationReference = 3A28D4871CD2BC9700531879 /* Tests-iOS-Debug.xcconfig */;
			buildSettings = {
			};
			name = Debug;
		};
		3AED3EE71B1DD7B400FA35FC /* Release */ = {
			isa = XCBuildConfiguration;
			baseConfigurationReference = 3A28D4881CD2BC9700531879 /* Tests-iOS-Release.xcconfig */;
			buildSettings = {
			};
			name = Release;
		};
/* End XCBuildConfiguration section */

/* Begin XCConfigurationList section */
		3A2007EB1B5501BC00769021 /* Build configuration list for PBXNativeTarget "ResponseDetective (OS X)" */ = {
			isa = XCConfigurationList;
			buildConfigurations = (
				3A2007EC1B5501BC00769021 /* Debug */,
				3A2007ED1B5501BC00769021 /* Release */,
			);
			defaultConfigurationIsVisible = 0;
			defaultConfigurationName = Release;
		};
		3A2007EE1B5501BC00769021 /* Build configuration list for PBXNativeTarget "ResponseDetective (OS X) Tests" */ = {
			isa = XCConfigurationList;
			buildConfigurations = (
				3A2007EF1B5501BC00769021 /* Debug */,
				3A2007F01B5501BC00769021 /* Release */,
			);
			defaultConfigurationIsVisible = 0;
			defaultConfigurationName = Release;
		};
		3AED3EC61B1DD7B400FA35FC /* Build configuration list for PBXProject "ResponseDetective" */ = {
			isa = XCConfigurationList;
			buildConfigurations = (
				3AED3EE01B1DD7B400FA35FC /* Debug */,
				3AED3EE11B1DD7B400FA35FC /* Release */,
			);
			defaultConfigurationIsVisible = 0;
			defaultConfigurationName = Release;
		};
		3AED3EE21B1DD7B400FA35FC /* Build configuration list for PBXNativeTarget "ResponseDetective (iOS)" */ = {
			isa = XCConfigurationList;
			buildConfigurations = (
				3AED3EE31B1DD7B400FA35FC /* Debug */,
				3AED3EE41B1DD7B400FA35FC /* Release */,
			);
			defaultConfigurationIsVisible = 0;
			defaultConfigurationName = Release;
		};
		3AED3EE51B1DD7B400FA35FC /* Build configuration list for PBXNativeTarget "ResponseDetective (iOS) Tests" */ = {
			isa = XCConfigurationList;
			buildConfigurations = (
				3AED3EE61B1DD7B400FA35FC /* Debug */,
				3AED3EE71B1DD7B400FA35FC /* Release */,
			);
			defaultConfigurationIsVisible = 0;
			defaultConfigurationName = Release;
		};
/* End XCConfigurationList section */
	};
	rootObject = 3AED3EC31B1DD7B400FA35FC /* Project object */;
}
