// !$*UTF8*$!
{
	archiveVersion = 1;
	classes = {
	};
	objectVersion = 46;
	objects = {

/* Begin PBXBuildFile section */
		3A2007E31B5501BC00769021 /* ResponseDetective.framework in Frameworks */ = {isa = PBXBuildFile; fileRef = 3A2007D81B5501BC00769021 /* ResponseDetective.framework */; };
		3AE546331E152DB600E74469 /* ResponseDetective.framework in Frameworks */ = {isa = PBXBuildFile; fileRef = 3AE5462A1E152DB500E74469 /* ResponseDetective.framework */; };
		3AED3ED81B1DD7B400FA35FC /* ResponseDetective.framework in Frameworks */ = {isa = PBXBuildFile; fileRef = 3AED3ECC1B1DD7B400FA35FC /* ResponseDetective.framework */; };
		3AF56E841E5B37A500F1CEBC /* BufferOutputFacility.swift in Sources */ = {isa = PBXBuildFile; fileRef = 3AF56E721E5B37A500F1CEBC /* BufferOutputFacility.swift */; };
		3AF56E851E5B37A500F1CEBC /* BufferOutputFacility.swift in Sources */ = {isa = PBXBuildFile; fileRef = 3AF56E721E5B37A500F1CEBC /* BufferOutputFacility.swift */; };
		3AF56E861E5B37A500F1CEBC /* BufferOutputFacility.swift in Sources */ = {isa = PBXBuildFile; fileRef = 3AF56E721E5B37A500F1CEBC /* BufferOutputFacility.swift */; };
		3AF56E871E5B37A500F1CEBC /* ConsoleOutputFacility.swift in Sources */ = {isa = PBXBuildFile; fileRef = 3AF56E731E5B37A500F1CEBC /* ConsoleOutputFacility.swift */; };
		3AF56E881E5B37A500F1CEBC /* ConsoleOutputFacility.swift in Sources */ = {isa = PBXBuildFile; fileRef = 3AF56E731E5B37A500F1CEBC /* ConsoleOutputFacility.swift */; };
		3AF56E891E5B37A500F1CEBC /* ConsoleOutputFacility.swift in Sources */ = {isa = PBXBuildFile; fileRef = 3AF56E731E5B37A500F1CEBC /* ConsoleOutputFacility.swift */; };
		3AF56E8A1E5B37A500F1CEBC /* Dictionary.swift in Sources */ = {isa = PBXBuildFile; fileRef = 3AF56E741E5B37A500F1CEBC /* Dictionary.swift */; };
		3AF56E8B1E5B37A500F1CEBC /* Dictionary.swift in Sources */ = {isa = PBXBuildFile; fileRef = 3AF56E741E5B37A500F1CEBC /* Dictionary.swift */; };
		3AF56E8C1E5B37A500F1CEBC /* Dictionary.swift in Sources */ = {isa = PBXBuildFile; fileRef = 3AF56E741E5B37A500F1CEBC /* Dictionary.swift */; };
		3AF56E8D1E5B37A500F1CEBC /* ErrorRepresentation.swift in Sources */ = {isa = PBXBuildFile; fileRef = 3AF56E751E5B37A500F1CEBC /* ErrorRepresentation.swift */; };
		3AF56E8E1E5B37A500F1CEBC /* ErrorRepresentation.swift in Sources */ = {isa = PBXBuildFile; fileRef = 3AF56E751E5B37A500F1CEBC /* ErrorRepresentation.swift */; };
		3AF56E8F1E5B37A500F1CEBC /* ErrorRepresentation.swift in Sources */ = {isa = PBXBuildFile; fileRef = 3AF56E751E5B37A500F1CEBC /* ErrorRepresentation.swift */; };
		3AF56E901E5B37A500F1CEBC /* ImageBodyDeserializer.swift in Sources */ = {isa = PBXBuildFile; fileRef = 3AF56E761E5B37A500F1CEBC /* ImageBodyDeserializer.swift */; };
		3AF56E911E5B37A500F1CEBC /* ImageBodyDeserializer.swift in Sources */ = {isa = PBXBuildFile; fileRef = 3AF56E761E5B37A500F1CEBC /* ImageBodyDeserializer.swift */; };
		3AF56E921E5B37A500F1CEBC /* ImageBodyDeserializer.swift in Sources */ = {isa = PBXBuildFile; fileRef = 3AF56E761E5B37A500F1CEBC /* ImageBodyDeserializer.swift */; };
		3AF56E931E5B37A500F1CEBC /* JSONBodyDeserializer.swift in Sources */ = {isa = PBXBuildFile; fileRef = 3AF56E771E5B37A500F1CEBC /* JSONBodyDeserializer.swift */; };
		3AF56E941E5B37A500F1CEBC /* JSONBodyDeserializer.swift in Sources */ = {isa = PBXBuildFile; fileRef = 3AF56E771E5B37A500F1CEBC /* JSONBodyDeserializer.swift */; };
		3AF56E951E5B37A500F1CEBC /* JSONBodyDeserializer.swift in Sources */ = {isa = PBXBuildFile; fileRef = 3AF56E771E5B37A500F1CEBC /* JSONBodyDeserializer.swift */; };
		3AF56E961E5B37A500F1CEBC /* OutputFacility.swift in Sources */ = {isa = PBXBuildFile; fileRef = 3AF56E781E5B37A500F1CEBC /* OutputFacility.swift */; };
		3AF56E971E5B37A500F1CEBC /* OutputFacility.swift in Sources */ = {isa = PBXBuildFile; fileRef = 3AF56E781E5B37A500F1CEBC /* OutputFacility.swift */; };
		3AF56E981E5B37A500F1CEBC /* OutputFacility.swift in Sources */ = {isa = PBXBuildFile; fileRef = 3AF56E781E5B37A500F1CEBC /* OutputFacility.swift */; };
		3AF56E991E5B37A500F1CEBC /* PlaintextBodyDeserializer.swift in Sources */ = {isa = PBXBuildFile; fileRef = 3AF56E791E5B37A500F1CEBC /* PlaintextBodyDeserializer.swift */; };
		3AF56E9A1E5B37A500F1CEBC /* PlaintextBodyDeserializer.swift in Sources */ = {isa = PBXBuildFile; fileRef = 3AF56E791E5B37A500F1CEBC /* PlaintextBodyDeserializer.swift */; };
		3AF56E9B1E5B37A500F1CEBC /* PlaintextBodyDeserializer.swift in Sources */ = {isa = PBXBuildFile; fileRef = 3AF56E791E5B37A500F1CEBC /* PlaintextBodyDeserializer.swift */; };
		3AF56E9C1E5B37A500F1CEBC /* RDTBodyDeserializer.h in Headers */ = {isa = PBXBuildFile; fileRef = 3AF56E7A1E5B37A500F1CEBC /* RDTBodyDeserializer.h */; settings = {ATTRIBUTES = (Public, ); }; };
		3AF56E9D1E5B37A500F1CEBC /* RDTBodyDeserializer.h in Headers */ = {isa = PBXBuildFile; fileRef = 3AF56E7A1E5B37A500F1CEBC /* RDTBodyDeserializer.h */; settings = {ATTRIBUTES = (Public, ); }; };
		3AF56E9E1E5B37A500F1CEBC /* RDTBodyDeserializer.h in Headers */ = {isa = PBXBuildFile; fileRef = 3AF56E7A1E5B37A500F1CEBC /* RDTBodyDeserializer.h */; settings = {ATTRIBUTES = (Public, ); }; };
		3AF56E9F1E5B37A500F1CEBC /* RDTHTMLBodyDeserializer.h in Headers */ = {isa = PBXBuildFile; fileRef = 3AF56E7B1E5B37A500F1CEBC /* RDTHTMLBodyDeserializer.h */; settings = {ATTRIBUTES = (Public, ); }; };
		3AF56EA01E5B37A500F1CEBC /* RDTHTMLBodyDeserializer.h in Headers */ = {isa = PBXBuildFile; fileRef = 3AF56E7B1E5B37A500F1CEBC /* RDTHTMLBodyDeserializer.h */; settings = {ATTRIBUTES = (Public, ); }; };
		3AF56EA11E5B37A500F1CEBC /* RDTHTMLBodyDeserializer.h in Headers */ = {isa = PBXBuildFile; fileRef = 3AF56E7B1E5B37A500F1CEBC /* RDTHTMLBodyDeserializer.h */; settings = {ATTRIBUTES = (Public, ); }; };
		3AF56EA21E5B37A500F1CEBC /* RDTHTMLBodyDeserializer.m in Sources */ = {isa = PBXBuildFile; fileRef = 3AF56E7C1E5B37A500F1CEBC /* RDTHTMLBodyDeserializer.m */; };
		3AF56EA31E5B37A500F1CEBC /* RDTHTMLBodyDeserializer.m in Sources */ = {isa = PBXBuildFile; fileRef = 3AF56E7C1E5B37A500F1CEBC /* RDTHTMLBodyDeserializer.m */; };
		3AF56EA41E5B37A500F1CEBC /* RDTHTMLBodyDeserializer.m in Sources */ = {isa = PBXBuildFile; fileRef = 3AF56E7C1E5B37A500F1CEBC /* RDTHTMLBodyDeserializer.m */; };
		3AF56EA51E5B37A500F1CEBC /* RDTXMLBodyDeserializer.h in Headers */ = {isa = PBXBuildFile; fileRef = 3AF56E7D1E5B37A500F1CEBC /* RDTXMLBodyDeserializer.h */; settings = {ATTRIBUTES = (Public, ); }; };
		3AF56EA61E5B37A500F1CEBC /* RDTXMLBodyDeserializer.h in Headers */ = {isa = PBXBuildFile; fileRef = 3AF56E7D1E5B37A500F1CEBC /* RDTXMLBodyDeserializer.h */; settings = {ATTRIBUTES = (Public, ); }; };
		3AF56EA71E5B37A500F1CEBC /* RDTXMLBodyDeserializer.h in Headers */ = {isa = PBXBuildFile; fileRef = 3AF56E7D1E5B37A500F1CEBC /* RDTXMLBodyDeserializer.h */; settings = {ATTRIBUTES = (Public, ); }; };
		3AF56EA81E5B37A500F1CEBC /* RDTXMLBodyDeserializer.m in Sources */ = {isa = PBXBuildFile; fileRef = 3AF56E7E1E5B37A500F1CEBC /* RDTXMLBodyDeserializer.m */; };
		3AF56EA91E5B37A500F1CEBC /* RDTXMLBodyDeserializer.m in Sources */ = {isa = PBXBuildFile; fileRef = 3AF56E7E1E5B37A500F1CEBC /* RDTXMLBodyDeserializer.m */; };
		3AF56EAA1E5B37A500F1CEBC /* RDTXMLBodyDeserializer.m in Sources */ = {isa = PBXBuildFile; fileRef = 3AF56E7E1E5B37A500F1CEBC /* RDTXMLBodyDeserializer.m */; };
		3AF56EAB1E5B37A500F1CEBC /* RequestRepresentation.swift in Sources */ = {isa = PBXBuildFile; fileRef = 3AF56E7F1E5B37A500F1CEBC /* RequestRepresentation.swift */; };
		3AF56EAC1E5B37A500F1CEBC /* RequestRepresentation.swift in Sources */ = {isa = PBXBuildFile; fileRef = 3AF56E7F1E5B37A500F1CEBC /* RequestRepresentation.swift */; };
		3AF56EAD1E5B37A500F1CEBC /* RequestRepresentation.swift in Sources */ = {isa = PBXBuildFile; fileRef = 3AF56E7F1E5B37A500F1CEBC /* RequestRepresentation.swift */; };
		3AF56EAE1E5B37A500F1CEBC /* ResponseDetective.h in Headers */ = {isa = PBXBuildFile; fileRef = 3AF56E801E5B37A500F1CEBC /* ResponseDetective.h */; settings = {ATTRIBUTES = (Public, ); }; };
		3AF56EAF1E5B37A500F1CEBC /* ResponseDetective.h in Headers */ = {isa = PBXBuildFile; fileRef = 3AF56E801E5B37A500F1CEBC /* ResponseDetective.h */; settings = {ATTRIBUTES = (Public, ); }; };
		3AF56EB01E5B37A500F1CEBC /* ResponseDetective.h in Headers */ = {isa = PBXBuildFile; fileRef = 3AF56E801E5B37A500F1CEBC /* ResponseDetective.h */; settings = {ATTRIBUTES = (Public, ); }; };
		3AF56EB11E5B37A500F1CEBC /* ResponseDetective.swift in Sources */ = {isa = PBXBuildFile; fileRef = 3AF56E811E5B37A500F1CEBC /* ResponseDetective.swift */; };
		3AF56EB21E5B37A500F1CEBC /* ResponseDetective.swift in Sources */ = {isa = PBXBuildFile; fileRef = 3AF56E811E5B37A500F1CEBC /* ResponseDetective.swift */; };
		3AF56EB31E5B37A500F1CEBC /* ResponseDetective.swift in Sources */ = {isa = PBXBuildFile; fileRef = 3AF56E811E5B37A500F1CEBC /* ResponseDetective.swift */; };
		3AF56EB41E5B37A500F1CEBC /* ResponseRepresentation.swift in Sources */ = {isa = PBXBuildFile; fileRef = 3AF56E821E5B37A500F1CEBC /* ResponseRepresentation.swift */; };
		3AF56EB51E5B37A500F1CEBC /* ResponseRepresentation.swift in Sources */ = {isa = PBXBuildFile; fileRef = 3AF56E821E5B37A500F1CEBC /* ResponseRepresentation.swift */; };
		3AF56EB61E5B37A500F1CEBC /* ResponseRepresentation.swift in Sources */ = {isa = PBXBuildFile; fileRef = 3AF56E821E5B37A500F1CEBC /* ResponseRepresentation.swift */; };
		3AF56EB71E5B37A500F1CEBC /* URLProtocol.swift in Sources */ = {isa = PBXBuildFile; fileRef = 3AF56E831E5B37A500F1CEBC /* URLProtocol.swift */; };
		3AF56EB81E5B37A500F1CEBC /* URLProtocol.swift in Sources */ = {isa = PBXBuildFile; fileRef = 3AF56E831E5B37A500F1CEBC /* URLProtocol.swift */; };
		3AF56EB91E5B37A500F1CEBC /* URLProtocol.swift in Sources */ = {isa = PBXBuildFile; fileRef = 3AF56E831E5B37A500F1CEBC /* URLProtocol.swift */; };
		3AF56ECF1E5B37B500F1CEBC /* BufferOutputFacilitySpec.swift in Sources */ = {isa = PBXBuildFile; fileRef = 3AF56EC01E5B37B500F1CEBC /* BufferOutputFacilitySpec.swift */; };
		3AF56ED01E5B37B500F1CEBC /* BufferOutputFacilitySpec.swift in Sources */ = {isa = PBXBuildFile; fileRef = 3AF56EC01E5B37B500F1CEBC /* BufferOutputFacilitySpec.swift */; };
		3AF56ED11E5B37B500F1CEBC /* BufferOutputFacilitySpec.swift in Sources */ = {isa = PBXBuildFile; fileRef = 3AF56EC01E5B37B500F1CEBC /* BufferOutputFacilitySpec.swift */; };
		3AF56ED21E5B37B500F1CEBC /* ConsoleOutputFacilitySpec.swift in Sources */ = {isa = PBXBuildFile; fileRef = 3AF56EC11E5B37B500F1CEBC /* ConsoleOutputFacilitySpec.swift */; };
		3AF56ED31E5B37B500F1CEBC /* ConsoleOutputFacilitySpec.swift in Sources */ = {isa = PBXBuildFile; fileRef = 3AF56EC11E5B37B500F1CEBC /* ConsoleOutputFacilitySpec.swift */; };
		3AF56ED41E5B37B500F1CEBC /* ConsoleOutputFacilitySpec.swift in Sources */ = {isa = PBXBuildFile; fileRef = 3AF56EC11E5B37B500F1CEBC /* ConsoleOutputFacilitySpec.swift */; };
		3AF56ED51E5B37B500F1CEBC /* ErrorRepresentationSpec.swift in Sources */ = {isa = PBXBuildFile; fileRef = 3AF56EC21E5B37B500F1CEBC /* ErrorRepresentationSpec.swift */; };
		3AF56ED61E5B37B500F1CEBC /* ErrorRepresentationSpec.swift in Sources */ = {isa = PBXBuildFile; fileRef = 3AF56EC21E5B37B500F1CEBC /* ErrorRepresentationSpec.swift */; };
		3AF56ED71E5B37B500F1CEBC /* ErrorRepresentationSpec.swift in Sources */ = {isa = PBXBuildFile; fileRef = 3AF56EC21E5B37B500F1CEBC /* ErrorRepresentationSpec.swift */; };
		3AF56ED81E5B37B500F1CEBC /* HTMLBodyDeserializerSpec.swift in Sources */ = {isa = PBXBuildFile; fileRef = 3AF56EC31E5B37B500F1CEBC /* HTMLBodyDeserializerSpec.swift */; };
		3AF56ED91E5B37B500F1CEBC /* HTMLBodyDeserializerSpec.swift in Sources */ = {isa = PBXBuildFile; fileRef = 3AF56EC31E5B37B500F1CEBC /* HTMLBodyDeserializerSpec.swift */; };
		3AF56EDA1E5B37B500F1CEBC /* HTMLBodyDeserializerSpec.swift in Sources */ = {isa = PBXBuildFile; fileRef = 3AF56EC31E5B37B500F1CEBC /* HTMLBodyDeserializerSpec.swift */; };
		3AF56EDB1E5B37B500F1CEBC /* ImageBodyDeserializerSpec.swift in Sources */ = {isa = PBXBuildFile; fileRef = 3AF56EC41E5B37B500F1CEBC /* ImageBodyDeserializerSpec.swift */; };
		3AF56EDC1E5B37B500F1CEBC /* ImageBodyDeserializerSpec.swift in Sources */ = {isa = PBXBuildFile; fileRef = 3AF56EC41E5B37B500F1CEBC /* ImageBodyDeserializerSpec.swift */; };
		3AF56EDD1E5B37B500F1CEBC /* ImageBodyDeserializerSpec.swift in Sources */ = {isa = PBXBuildFile; fileRef = 3AF56EC41E5B37B500F1CEBC /* ImageBodyDeserializerSpec.swift */; };
		3AF56EDE1E5B37B500F1CEBC /* JSONBodyDeserializerSpec.swift in Sources */ = {isa = PBXBuildFile; fileRef = 3AF56EC51E5B37B500F1CEBC /* JSONBodyDeserializerSpec.swift */; };
		3AF56EDF1E5B37B500F1CEBC /* JSONBodyDeserializerSpec.swift in Sources */ = {isa = PBXBuildFile; fileRef = 3AF56EC51E5B37B500F1CEBC /* JSONBodyDeserializerSpec.swift */; };
		3AF56EE01E5B37B500F1CEBC /* JSONBodyDeserializerSpec.swift in Sources */ = {isa = PBXBuildFile; fileRef = 3AF56EC51E5B37B500F1CEBC /* JSONBodyDeserializerSpec.swift */; };
		3AF56EE11E5B37B500F1CEBC /* PlaintextBodyDeserializerSpec.swift in Sources */ = {isa = PBXBuildFile; fileRef = 3AF56EC61E5B37B500F1CEBC /* PlaintextBodyDeserializerSpec.swift */; };
		3AF56EE21E5B37B500F1CEBC /* PlaintextBodyDeserializerSpec.swift in Sources */ = {isa = PBXBuildFile; fileRef = 3AF56EC61E5B37B500F1CEBC /* PlaintextBodyDeserializerSpec.swift */; };
		3AF56EE31E5B37B500F1CEBC /* PlaintextBodyDeserializerSpec.swift in Sources */ = {isa = PBXBuildFile; fileRef = 3AF56EC61E5B37B500F1CEBC /* PlaintextBodyDeserializerSpec.swift */; };
		3AF56EE41E5B37B500F1CEBC /* RequestRepresentationSpec.swift in Sources */ = {isa = PBXBuildFile; fileRef = 3AF56EC71E5B37B500F1CEBC /* RequestRepresentationSpec.swift */; };
		3AF56EE51E5B37B500F1CEBC /* RequestRepresentationSpec.swift in Sources */ = {isa = PBXBuildFile; fileRef = 3AF56EC71E5B37B500F1CEBC /* RequestRepresentationSpec.swift */; };
		3AF56EE61E5B37B500F1CEBC /* RequestRepresentationSpec.swift in Sources */ = {isa = PBXBuildFile; fileRef = 3AF56EC71E5B37B500F1CEBC /* RequestRepresentationSpec.swift */; };
		3AF56EE71E5B37B500F1CEBC /* ResponseDetectiveSpec.swift in Sources */ = {isa = PBXBuildFile; fileRef = 3AF56EC81E5B37B500F1CEBC /* ResponseDetectiveSpec.swift */; };
		3AF56EE81E5B37B500F1CEBC /* ResponseDetectiveSpec.swift in Sources */ = {isa = PBXBuildFile; fileRef = 3AF56EC81E5B37B500F1CEBC /* ResponseDetectiveSpec.swift */; };
		3AF56EE91E5B37B500F1CEBC /* ResponseDetectiveSpec.swift in Sources */ = {isa = PBXBuildFile; fileRef = 3AF56EC81E5B37B500F1CEBC /* ResponseDetectiveSpec.swift */; };
		3AF56EEA1E5B37B500F1CEBC /* ResponseRepresentationSpec.swift in Sources */ = {isa = PBXBuildFile; fileRef = 3AF56EC91E5B37B500F1CEBC /* ResponseRepresentationSpec.swift */; };
		3AF56EEB1E5B37B500F1CEBC /* ResponseRepresentationSpec.swift in Sources */ = {isa = PBXBuildFile; fileRef = 3AF56EC91E5B37B500F1CEBC /* ResponseRepresentationSpec.swift */; };
		3AF56EEC1E5B37B500F1CEBC /* ResponseRepresentationSpec.swift in Sources */ = {isa = PBXBuildFile; fileRef = 3AF56EC91E5B37B500F1CEBC /* ResponseRepresentationSpec.swift */; };
		3AF56EF01E5B37B500F1CEBC /* XMLBodyDeserializerSpec.swift in Sources */ = {isa = PBXBuildFile; fileRef = 3AF56ECB1E5B37B500F1CEBC /* XMLBodyDeserializerSpec.swift */; };
		3AF56EF11E5B37B500F1CEBC /* XMLBodyDeserializerSpec.swift in Sources */ = {isa = PBXBuildFile; fileRef = 3AF56ECB1E5B37B500F1CEBC /* XMLBodyDeserializerSpec.swift */; };
		3AF56EF21E5B37B500F1CEBC /* XMLBodyDeserializerSpec.swift in Sources */ = {isa = PBXBuildFile; fileRef = 3AF56ECB1E5B37B500F1CEBC /* XMLBodyDeserializerSpec.swift */; };
		3AF56F0C1E5B4ED800F1CEBC /* TestBodyDeserializer.swift in Sources */ = {isa = PBXBuildFile; fileRef = 3AF56F0B1E5B4ED800F1CEBC /* TestBodyDeserializer.swift */; };
		3AF56F0D1E5B4ED800F1CEBC /* TestBodyDeserializer.swift in Sources */ = {isa = PBXBuildFile; fileRef = 3AF56F0B1E5B4ED800F1CEBC /* TestBodyDeserializer.swift */; };
		3AF56F0E1E5B4ED800F1CEBC /* TestBodyDeserializer.swift in Sources */ = {isa = PBXBuildFile; fileRef = 3AF56F0B1E5B4ED800F1CEBC /* TestBodyDeserializer.swift */; };
/* End PBXBuildFile section */

/* Begin PBXContainerItemProxy section */
		3A2007E41B5501BC00769021 /* PBXContainerItemProxy */ = {
			isa = PBXContainerItemProxy;
			containerPortal = 3AED3EC31B1DD7B400FA35FC /* Project object */;
			proxyType = 1;
			remoteGlobalIDString = 3A2007D71B5501BC00769021;
			remoteInfo = "ResponseDetective (OS X)";
		};
		3AE546341E152DB600E74469 /* PBXContainerItemProxy */ = {
			isa = PBXContainerItemProxy;
			containerPortal = 3AED3EC31B1DD7B400FA35FC /* Project object */;
			proxyType = 1;
			remoteGlobalIDString = 3AE546291E152DB500E74469;
			remoteInfo = "ResponseDetective (tvOS)";
		};
		3AED3ED91B1DD7B400FA35FC /* PBXContainerItemProxy */ = {
			isa = PBXContainerItemProxy;
			containerPortal = 3AED3EC31B1DD7B400FA35FC /* Project object */;
			proxyType = 1;
			remoteGlobalIDString = 3AED3ECB1B1DD7B400FA35FC;
			remoteInfo = ResponseDetective;
		};
/* End PBXContainerItemProxy section */

/* Begin PBXFileReference section */
		3A2007D81B5501BC00769021 /* ResponseDetective.framework */ = {isa = PBXFileReference; explicitFileType = wrapper.framework; includeInIndex = 0; path = ResponseDetective.framework; sourceTree = BUILT_PRODUCTS_DIR; };
		3A2007E21B5501BC00769021 /* ResponseDetective Tests.xctest */ = {isa = PBXFileReference; explicitFileType = wrapper.cfbundle; includeInIndex = 0; path = "ResponseDetective Tests.xctest"; sourceTree = BUILT_PRODUCTS_DIR; };
		3A63C1E31E5B3485008BBE4E /* Base-Common.xcconfig */ = {isa = PBXFileReference; lastKnownFileType = text.xcconfig; path = "Base-Common.xcconfig"; sourceTree = "<group>"; };
		3A63C1E41E5B3485008BBE4E /* Base-Mappings.xcconfig */ = {isa = PBXFileReference; lastKnownFileType = text.xcconfig; path = "Base-Mappings.xcconfig"; sourceTree = "<group>"; };
		3A63C1E51E5B3485008BBE4E /* Framework-Common.xcconfig */ = {isa = PBXFileReference; lastKnownFileType = text.xcconfig; path = "Framework-Common.xcconfig"; sourceTree = "<group>"; };
		3A63C1E61E5B3485008BBE4E /* Framework-iOS-Debug.xcconfig */ = {isa = PBXFileReference; lastKnownFileType = text.xcconfig; path = "Framework-iOS-Debug.xcconfig"; sourceTree = "<group>"; };
		3A63C1E71E5B3485008BBE4E /* Framework-iOS-Release.xcconfig */ = {isa = PBXFileReference; lastKnownFileType = text.xcconfig; path = "Framework-iOS-Release.xcconfig"; sourceTree = "<group>"; };
		3A63C1E81E5B3485008BBE4E /* Framework-macOS-Debug.xcconfig */ = {isa = PBXFileReference; lastKnownFileType = text.xcconfig; path = "Framework-macOS-Debug.xcconfig"; sourceTree = "<group>"; };
		3A63C1E91E5B3485008BBE4E /* Framework-macOS-Release.xcconfig */ = {isa = PBXFileReference; lastKnownFileType = text.xcconfig; path = "Framework-macOS-Release.xcconfig"; sourceTree = "<group>"; };
		3A63C1EA1E5B3485008BBE4E /* Framework-tvOS-Debug.xcconfig */ = {isa = PBXFileReference; lastKnownFileType = text.xcconfig; path = "Framework-tvOS-Debug.xcconfig"; sourceTree = "<group>"; };
		3A63C1EB1E5B3485008BBE4E /* Framework-tvOS-Release.xcconfig */ = {isa = PBXFileReference; lastKnownFileType = text.xcconfig; path = "Framework-tvOS-Release.xcconfig"; sourceTree = "<group>"; };
		3A63C1EC1E5B3485008BBE4E /* Tests-Common.xcconfig */ = {isa = PBXFileReference; lastKnownFileType = text.xcconfig; path = "Tests-Common.xcconfig"; sourceTree = "<group>"; };
		3A63C1ED1E5B3485008BBE4E /* Tests-iOS-Debug.xcconfig */ = {isa = PBXFileReference; lastKnownFileType = text.xcconfig; path = "Tests-iOS-Debug.xcconfig"; sourceTree = "<group>"; };
		3A63C1EE1E5B3485008BBE4E /* Tests-iOS-Release.xcconfig */ = {isa = PBXFileReference; lastKnownFileType = text.xcconfig; path = "Tests-iOS-Release.xcconfig"; sourceTree = "<group>"; };
		3A63C1EF1E5B3485008BBE4E /* Tests-macOS-Debug.xcconfig */ = {isa = PBXFileReference; lastKnownFileType = text.xcconfig; path = "Tests-macOS-Debug.xcconfig"; sourceTree = "<group>"; };
		3A63C1F01E5B3485008BBE4E /* Tests-macOS-Release.xcconfig */ = {isa = PBXFileReference; lastKnownFileType = text.xcconfig; path = "Tests-macOS-Release.xcconfig"; sourceTree = "<group>"; };
		3A63C1F11E5B3485008BBE4E /* Tests-tvOS-Debug.xcconfig */ = {isa = PBXFileReference; lastKnownFileType = text.xcconfig; path = "Tests-tvOS-Debug.xcconfig"; sourceTree = "<group>"; };
		3A63C1F21E5B3485008BBE4E /* Tests-tvOS-Release.xcconfig */ = {isa = PBXFileReference; lastKnownFileType = text.xcconfig; path = "Tests-tvOS-Release.xcconfig"; sourceTree = "<group>"; };
		3AE5462A1E152DB500E74469 /* ResponseDetective.framework */ = {isa = PBXFileReference; explicitFileType = wrapper.framework; includeInIndex = 0; path = ResponseDetective.framework; sourceTree = BUILT_PRODUCTS_DIR; };
		3AE546321E152DB600E74469 /* ResponseDetective Tests.xctest */ = {isa = PBXFileReference; explicitFileType = wrapper.cfbundle; includeInIndex = 0; path = "ResponseDetective Tests.xctest"; sourceTree = BUILT_PRODUCTS_DIR; };
		3AED3ECC1B1DD7B400FA35FC /* ResponseDetective.framework */ = {isa = PBXFileReference; explicitFileType = wrapper.framework; includeInIndex = 0; path = ResponseDetective.framework; sourceTree = BUILT_PRODUCTS_DIR; };
		3AED3ED71B1DD7B400FA35FC /* ResponseDetective Tests.xctest */ = {isa = PBXFileReference; explicitFileType = wrapper.cfbundle; includeInIndex = 0; path = "ResponseDetective Tests.xctest"; sourceTree = BUILT_PRODUCTS_DIR; };
		3AF56E6F1E5B379A00F1CEBC /* Framework-Info.plist */ = {isa = PBXFileReference; lastKnownFileType = text.plist.xml; path = "Framework-Info.plist"; sourceTree = "<group>"; };
		3AF56E701E5B379A00F1CEBC /* Tests-Info.plist */ = {isa = PBXFileReference; lastKnownFileType = text.plist.xml; path = "Tests-Info.plist"; sourceTree = "<group>"; };
		3AF56E721E5B37A500F1CEBC /* BufferOutputFacility.swift */ = {isa = PBXFileReference; fileEncoding = 4; lastKnownFileType = sourcecode.swift; path = BufferOutputFacility.swift; sourceTree = "<group>"; };
		3AF56E731E5B37A500F1CEBC /* ConsoleOutputFacility.swift */ = {isa = PBXFileReference; fileEncoding = 4; lastKnownFileType = sourcecode.swift; path = ConsoleOutputFacility.swift; sourceTree = "<group>"; };
		3AF56E741E5B37A500F1CEBC /* Dictionary.swift */ = {isa = PBXFileReference; fileEncoding = 4; lastKnownFileType = sourcecode.swift; path = Dictionary.swift; sourceTree = "<group>"; };
		3AF56E751E5B37A500F1CEBC /* ErrorRepresentation.swift */ = {isa = PBXFileReference; fileEncoding = 4; lastKnownFileType = sourcecode.swift; path = ErrorRepresentation.swift; sourceTree = "<group>"; };
		3AF56E761E5B37A500F1CEBC /* ImageBodyDeserializer.swift */ = {isa = PBXFileReference; fileEncoding = 4; lastKnownFileType = sourcecode.swift; path = ImageBodyDeserializer.swift; sourceTree = "<group>"; };
		3AF56E771E5B37A500F1CEBC /* JSONBodyDeserializer.swift */ = {isa = PBXFileReference; fileEncoding = 4; lastKnownFileType = sourcecode.swift; path = JSONBodyDeserializer.swift; sourceTree = "<group>"; };
		3AF56E781E5B37A500F1CEBC /* OutputFacility.swift */ = {isa = PBXFileReference; fileEncoding = 4; lastKnownFileType = sourcecode.swift; path = OutputFacility.swift; sourceTree = "<group>"; };
		3AF56E791E5B37A500F1CEBC /* PlaintextBodyDeserializer.swift */ = {isa = PBXFileReference; fileEncoding = 4; lastKnownFileType = sourcecode.swift; path = PlaintextBodyDeserializer.swift; sourceTree = "<group>"; };
		3AF56E7A1E5B37A500F1CEBC /* RDTBodyDeserializer.h */ = {isa = PBXFileReference; fileEncoding = 4; lastKnownFileType = sourcecode.c.h; path = RDTBodyDeserializer.h; sourceTree = "<group>"; };
		3AF56E7B1E5B37A500F1CEBC /* RDTHTMLBodyDeserializer.h */ = {isa = PBXFileReference; fileEncoding = 4; lastKnownFileType = sourcecode.c.h; path = RDTHTMLBodyDeserializer.h; sourceTree = "<group>"; };
		3AF56E7C1E5B37A500F1CEBC /* RDTHTMLBodyDeserializer.m */ = {isa = PBXFileReference; fileEncoding = 4; lastKnownFileType = sourcecode.c.objc; path = RDTHTMLBodyDeserializer.m; sourceTree = "<group>"; };
		3AF56E7D1E5B37A500F1CEBC /* RDTXMLBodyDeserializer.h */ = {isa = PBXFileReference; fileEncoding = 4; lastKnownFileType = sourcecode.c.h; path = RDTXMLBodyDeserializer.h; sourceTree = "<group>"; };
		3AF56E7E1E5B37A500F1CEBC /* RDTXMLBodyDeserializer.m */ = {isa = PBXFileReference; fileEncoding = 4; lastKnownFileType = sourcecode.c.objc; path = RDTXMLBodyDeserializer.m; sourceTree = "<group>"; };
		3AF56E7F1E5B37A500F1CEBC /* RequestRepresentation.swift */ = {isa = PBXFileReference; fileEncoding = 4; lastKnownFileType = sourcecode.swift; path = RequestRepresentation.swift; sourceTree = "<group>"; };
		3AF56E801E5B37A500F1CEBC /* ResponseDetective.h */ = {isa = PBXFileReference; fileEncoding = 4; lastKnownFileType = sourcecode.c.h; path = ResponseDetective.h; sourceTree = "<group>"; };
		3AF56E811E5B37A500F1CEBC /* ResponseDetective.swift */ = {isa = PBXFileReference; fileEncoding = 4; lastKnownFileType = sourcecode.swift; path = ResponseDetective.swift; sourceTree = "<group>"; };
		3AF56E821E5B37A500F1CEBC /* ResponseRepresentation.swift */ = {isa = PBXFileReference; fileEncoding = 4; lastKnownFileType = sourcecode.swift; path = ResponseRepresentation.swift; sourceTree = "<group>"; };
		3AF56E831E5B37A500F1CEBC /* URLProtocol.swift */ = {isa = PBXFileReference; fileEncoding = 4; lastKnownFileType = sourcecode.swift; path = URLProtocol.swift; sourceTree = "<group>"; };
		3AF56EC01E5B37B500F1CEBC /* BufferOutputFacilitySpec.swift */ = {isa = PBXFileReference; fileEncoding = 4; lastKnownFileType = sourcecode.swift; path = BufferOutputFacilitySpec.swift; sourceTree = "<group>"; };
		3AF56EC11E5B37B500F1CEBC /* ConsoleOutputFacilitySpec.swift */ = {isa = PBXFileReference; fileEncoding = 4; lastKnownFileType = sourcecode.swift; path = ConsoleOutputFacilitySpec.swift; sourceTree = "<group>"; };
		3AF56EC21E5B37B500F1CEBC /* ErrorRepresentationSpec.swift */ = {isa = PBXFileReference; fileEncoding = 4; lastKnownFileType = sourcecode.swift; path = ErrorRepresentationSpec.swift; sourceTree = "<group>"; };
		3AF56EC31E5B37B500F1CEBC /* HTMLBodyDeserializerSpec.swift */ = {isa = PBXFileReference; fileEncoding = 4; lastKnownFileType = sourcecode.swift; path = HTMLBodyDeserializerSpec.swift; sourceTree = "<group>"; };
		3AF56EC41E5B37B500F1CEBC /* ImageBodyDeserializerSpec.swift */ = {isa = PBXFileReference; fileEncoding = 4; lastKnownFileType = sourcecode.swift; path = ImageBodyDeserializerSpec.swift; sourceTree = "<group>"; };
		3AF56EC51E5B37B500F1CEBC /* JSONBodyDeserializerSpec.swift */ = {isa = PBXFileReference; fileEncoding = 4; lastKnownFileType = sourcecode.swift; path = JSONBodyDeserializerSpec.swift; sourceTree = "<group>"; };
		3AF56EC61E5B37B500F1CEBC /* PlaintextBodyDeserializerSpec.swift */ = {isa = PBXFileReference; fileEncoding = 4; lastKnownFileType = sourcecode.swift; path = PlaintextBodyDeserializerSpec.swift; sourceTree = "<group>"; };
		3AF56EC71E5B37B500F1CEBC /* RequestRepresentationSpec.swift */ = {isa = PBXFileReference; fileEncoding = 4; lastKnownFileType = sourcecode.swift; path = RequestRepresentationSpec.swift; sourceTree = "<group>"; };
		3AF56EC81E5B37B500F1CEBC /* ResponseDetectiveSpec.swift */ = {isa = PBXFileReference; fileEncoding = 4; lastKnownFileType = sourcecode.swift; path = ResponseDetectiveSpec.swift; sourceTree = "<group>"; };
		3AF56EC91E5B37B500F1CEBC /* ResponseRepresentationSpec.swift */ = {isa = PBXFileReference; fileEncoding = 4; lastKnownFileType = sourcecode.swift; path = ResponseRepresentationSpec.swift; sourceTree = "<group>"; };
		3AF56ECB1E5B37B500F1CEBC /* XMLBodyDeserializerSpec.swift */ = {isa = PBXFileReference; fileEncoding = 4; lastKnownFileType = sourcecode.swift; path = XMLBodyDeserializerSpec.swift; sourceTree = "<group>"; };
		3AF56F0B1E5B4ED800F1CEBC /* TestBodyDeserializer.swift */ = {isa = PBXFileReference; fileEncoding = 4; lastKnownFileType = sourcecode.swift; path = TestBodyDeserializer.swift; sourceTree = "<group>"; };
/* End PBXFileReference section */

/* Begin PBXFrameworksBuildPhase section */
		3A2007D41B5501BC00769021 /* Frameworks */ = {
			isa = PBXFrameworksBuildPhase;
			buildActionMask = 2147483647;
			files = (
			);
			runOnlyForDeploymentPostprocessing = 0;
		};
		3A2007DF1B5501BC00769021 /* Frameworks */ = {
			isa = PBXFrameworksBuildPhase;
			buildActionMask = 2147483647;
			files = (
				3A2007E31B5501BC00769021 /* ResponseDetective.framework in Frameworks */,
			);
			runOnlyForDeploymentPostprocessing = 0;
		};
		3AE546261E152DB500E74469 /* Frameworks */ = {
			isa = PBXFrameworksBuildPhase;
			buildActionMask = 2147483647;
			files = (
			);
			runOnlyForDeploymentPostprocessing = 0;
		};
		3AE5462F1E152DB600E74469 /* Frameworks */ = {
			isa = PBXFrameworksBuildPhase;
			buildActionMask = 2147483647;
			files = (
				3AE546331E152DB600E74469 /* ResponseDetective.framework in Frameworks */,
			);
			runOnlyForDeploymentPostprocessing = 0;
		};
		3AED3EC81B1DD7B400FA35FC /* Frameworks */ = {
			isa = PBXFrameworksBuildPhase;
			buildActionMask = 2147483647;
			files = (
			);
			runOnlyForDeploymentPostprocessing = 0;
		};
		3AED3ED41B1DD7B400FA35FC /* Frameworks */ = {
			isa = PBXFrameworksBuildPhase;
			buildActionMask = 2147483647;
			files = (
				3AED3ED81B1DD7B400FA35FC /* ResponseDetective.framework in Frameworks */,
			);
			runOnlyForDeploymentPostprocessing = 0;
		};
/* End PBXFrameworksBuildPhase section */

/* Begin PBXGroup section */
		3A63C1E21E5B3485008BBE4E /* Configuration */ = {
			isa = PBXGroup;
			children = (
				3AF56EF31E5B3A0800F1CEBC /* Base */,
				3AF56EF51E5B3ABD00F1CEBC /* Framework */,
				3AF56EF61E5B3AC700F1CEBC /* Tests */,
			);
			name = Configuration;
			path = ResponseDetective/Configuration;
			sourceTree = "<group>";
		};
		3AED3EC21B1DD7B400FA35FC = {
			isa = PBXGroup;
			children = (
				3AF56E711E5B37A500F1CEBC /* Sources */,
				3AF56EBA1E5B37B500F1CEBC /* Tests */,
				3AF56E6E1E5B379A00F1CEBC /* Resources */,
				3A63C1E21E5B3485008BBE4E /* Configuration */,
				3AED3ECD1B1DD7B400FA35FC /* Products */,
			);
			sourceTree = "<group>";
		};
		3AED3ECD1B1DD7B400FA35FC /* Products */ = {
			isa = PBXGroup;
			children = (
				3AED3ECC1B1DD7B400FA35FC /* ResponseDetective.framework */,
				3AED3ED71B1DD7B400FA35FC /* ResponseDetective Tests.xctest */,
				3A2007D81B5501BC00769021 /* ResponseDetective.framework */,
				3A2007E21B5501BC00769021 /* ResponseDetective Tests.xctest */,
				3AE5462A1E152DB500E74469 /* ResponseDetective.framework */,
				3AE546321E152DB600E74469 /* ResponseDetective Tests.xctest */,
			);
			name = Products;
			sourceTree = "<group>";
		};
		3AF56E6E1E5B379A00F1CEBC /* Resources */ = {
			isa = PBXGroup;
			children = (
				3AF56E6F1E5B379A00F1CEBC /* Framework-Info.plist */,
				3AF56E701E5B379A00F1CEBC /* Tests-Info.plist */,
			);
			name = Resources;
			path = ResponseDetective/Resources;
			sourceTree = "<group>";
		};
		3AF56E711E5B37A500F1CEBC /* Sources */ = {
			isa = PBXGroup;
			children = (
				3AF56E811E5B37A500F1CEBC /* ResponseDetective.swift */,
				3AF56EFD1E5B3CE700F1CEBC /* Representations */,
				3AF56EFE1E5B3CF900F1CEBC /* Body Deserializers */,
				3AF56F011E5B3D3A00F1CEBC /* Output Facilities */,
				3AF56F031E5B3D5C00F1CEBC /* Internal */,
				3AF56F021E5B3D4900F1CEBC /* Extensions */,
			);
			name = Sources;
			path = ResponseDetective/Sources;
			sourceTree = "<group>";
		};
		3AF56EBA1E5B37B500F1CEBC /* Tests */ = {
			isa = PBXGroup;
			children = (
				3AF56EBB1E5B37B500F1CEBC /* Additions */,
				3AF56EBF1E5B37B500F1CEBC /* Specs */,
			);
			name = Tests;
			path = ResponseDetective/Tests;
			sourceTree = "<group>";
		};
		3AF56EBB1E5B37B500F1CEBC /* Additions */ = {
			isa = PBXGroup;
			children = (
				3AF56F0B1E5B4ED800F1CEBC /* TestBodyDeserializer.swift */,
				3AF56EBC1E5B37B500F1CEBC /* Generators */,
				3AF56EBD1E5B37B500F1CEBC /* Matchers */,
			);
			path = Additions;
			sourceTree = "<group>";
		};
		3AF56EBC1E5B37B500F1CEBC /* Generators */ = {
			isa = PBXGroup;
			children = (
			);
			path = Generators;
			sourceTree = "<group>";
		};
		3AF56EBD1E5B37B500F1CEBC /* Matchers */ = {
			isa = PBXGroup;
			children = (
			);
			path = Matchers;
			sourceTree = "<group>";
		};
		3AF56EBF1E5B37B500F1CEBC /* Specs */ = {
			isa = PBXGroup;
			children = (
				3AF56EC81E5B37B500F1CEBC /* ResponseDetectiveSpec.swift */,
				3AF56F081E5B4E7700F1CEBC /* Representations */,
				3AF56F091E5B4E8800F1CEBC /* Body Deserializers */,
				3AF56F0A1E5B4E9A00F1CEBC /* Output Facilities */,
			);
			path = Specs;
			sourceTree = "<group>";
		};
		3AF56EF31E5B3A0800F1CEBC /* Base */ = {
			isa = PBXGroup;
			children = (
				3A63C1E31E5B3485008BBE4E /* Base-Common.xcconfig */,
				3A63C1E41E5B3485008BBE4E /* Base-Mappings.xcconfig */,
			);
			name = Base;
			sourceTree = "<group>";
		};
		3AF56EF51E5B3ABD00F1CEBC /* Framework */ = {
			isa = PBXGroup;
			children = (
				3A63C1E51E5B3485008BBE4E /* Framework-Common.xcconfig */,
				3AF56EF71E5B3AD300F1CEBC /* iOS */,
				3AF56EF81E5B3ADB00F1CEBC /* macOS */,
				3AF56EF91E5B3AE400F1CEBC /* tvOS */,
			);
			name = Framework;
			sourceTree = "<group>";
		};
		3AF56EF61E5B3AC700F1CEBC /* Tests */ = {
			isa = PBXGroup;
			children = (
				3A63C1EC1E5B3485008BBE4E /* Tests-Common.xcconfig */,
				3AF56EFA1E5B3AEB00F1CEBC /* iOS */,
				3AF56EFB1E5B3AF100F1CEBC /* macOS */,
				3AF56EFC1E5B3AFB00F1CEBC /* tvOS */,
			);
			name = Tests;
			sourceTree = "<group>";
		};
		3AF56EF71E5B3AD300F1CEBC /* iOS */ = {
			isa = PBXGroup;
			children = (
				3A63C1E61E5B3485008BBE4E /* Framework-iOS-Debug.xcconfig */,
				3A63C1E71E5B3485008BBE4E /* Framework-iOS-Release.xcconfig */,
			);
			name = iOS;
			sourceTree = "<group>";
		};
		3AF56EF81E5B3ADB00F1CEBC /* macOS */ = {
			isa = PBXGroup;
			children = (
				3A63C1E81E5B3485008BBE4E /* Framework-macOS-Debug.xcconfig */,
				3A63C1E91E5B3485008BBE4E /* Framework-macOS-Release.xcconfig */,
			);
			name = macOS;
			sourceTree = "<group>";
		};
		3AF56EF91E5B3AE400F1CEBC /* tvOS */ = {
			isa = PBXGroup;
			children = (
				3A63C1EA1E5B3485008BBE4E /* Framework-tvOS-Debug.xcconfig */,
				3A63C1EB1E5B3485008BBE4E /* Framework-tvOS-Release.xcconfig */,
			);
			name = tvOS;
			sourceTree = "<group>";
		};
		3AF56EFA1E5B3AEB00F1CEBC /* iOS */ = {
			isa = PBXGroup;
			children = (
				3A63C1ED1E5B3485008BBE4E /* Tests-iOS-Debug.xcconfig */,
				3A63C1EE1E5B3485008BBE4E /* Tests-iOS-Release.xcconfig */,
			);
			name = iOS;
			sourceTree = "<group>";
		};
		3AF56EFB1E5B3AF100F1CEBC /* macOS */ = {
			isa = PBXGroup;
			children = (
				3A63C1EF1E5B3485008BBE4E /* Tests-macOS-Debug.xcconfig */,
				3A63C1F01E5B3485008BBE4E /* Tests-macOS-Release.xcconfig */,
			);
			name = macOS;
			sourceTree = "<group>";
		};
		3AF56EFC1E5B3AFB00F1CEBC /* tvOS */ = {
			isa = PBXGroup;
			children = (
				3A63C1F11E5B3485008BBE4E /* Tests-tvOS-Debug.xcconfig */,
				3A63C1F21E5B3485008BBE4E /* Tests-tvOS-Release.xcconfig */,
			);
			name = tvOS;
			sourceTree = "<group>";
		};
		3AF56EFD1E5B3CE700F1CEBC /* Representations */ = {
			isa = PBXGroup;
			children = (
				3AF56E7F1E5B37A500F1CEBC /* RequestRepresentation.swift */,
				3AF56E821E5B37A500F1CEBC /* ResponseRepresentation.swift */,
				3AF56E751E5B37A500F1CEBC /* ErrorRepresentation.swift */,
			);
			name = Representations;
			sourceTree = "<group>";
		};
		3AF56EFE1E5B3CF900F1CEBC /* Body Deserializers */ = {
			isa = PBXGroup;
			children = (
				3AF56E7A1E5B37A500F1CEBC /* RDTBodyDeserializer.h */,
				3AF56E791E5B37A500F1CEBC /* PlaintextBodyDeserializer.swift */,
				3AF56E761E5B37A500F1CEBC /* ImageBodyDeserializer.swift */,
				3AF56E771E5B37A500F1CEBC /* JSONBodyDeserializer.swift */,
				3AF56EFF1E5B3D1200F1CEBC /* XMLBodyDeserializer */,
				3AF56F001E5B3D2200F1CEBC /* HTMLBodyDeserializer */,
			);
			name = "Body Deserializers";
			sourceTree = "<group>";
		};
		3AF56EFF1E5B3D1200F1CEBC /* XMLBodyDeserializer */ = {
			isa = PBXGroup;
			children = (
				3AF56E7D1E5B37A500F1CEBC /* RDTXMLBodyDeserializer.h */,
				3AF56E7E1E5B37A500F1CEBC /* RDTXMLBodyDeserializer.m */,
			);
			name = XMLBodyDeserializer;
			sourceTree = "<group>";
		};
		3AF56F001E5B3D2200F1CEBC /* HTMLBodyDeserializer */ = {
			isa = PBXGroup;
			children = (
				3AF56E7B1E5B37A500F1CEBC /* RDTHTMLBodyDeserializer.h */,
				3AF56E7C1E5B37A500F1CEBC /* RDTHTMLBodyDeserializer.m */,
			);
			name = HTMLBodyDeserializer;
			sourceTree = "<group>";
		};
		3AF56F011E5B3D3A00F1CEBC /* Output Facilities */ = {
			isa = PBXGroup;
			children = (
				3AF56E781E5B37A500F1CEBC /* OutputFacility.swift */,
				3AF56E721E5B37A500F1CEBC /* BufferOutputFacility.swift */,
				3AF56E731E5B37A500F1CEBC /* ConsoleOutputFacility.swift */,
			);
			name = "Output Facilities";
			sourceTree = "<group>";
		};
		3AF56F021E5B3D4900F1CEBC /* Extensions */ = {
			isa = PBXGroup;
			children = (
				3AF56E741E5B37A500F1CEBC /* Dictionary.swift */,
			);
			name = Extensions;
			sourceTree = "<group>";
		};
		3AF56F031E5B3D5C00F1CEBC /* Internal */ = {
			isa = PBXGroup;
			children = (
				3AF56E801E5B37A500F1CEBC /* ResponseDetective.h */,
				3AF56E831E5B37A500F1CEBC /* URLProtocol.swift */,
			);
			name = Internal;
			sourceTree = "<group>";
		};
		3AF56F081E5B4E7700F1CEBC /* Representations */ = {
			isa = PBXGroup;
			children = (
				3AF56EC71E5B37B500F1CEBC /* RequestRepresentationSpec.swift */,
				3AF56EC91E5B37B500F1CEBC /* ResponseRepresentationSpec.swift */,
				3AF56EC21E5B37B500F1CEBC /* ErrorRepresentationSpec.swift */,
			);
			name = Representations;
			sourceTree = "<group>";
		};
		3AF56F091E5B4E8800F1CEBC /* Body Deserializers */ = {
			isa = PBXGroup;
			children = (
				3AF56EC41E5B37B500F1CEBC /* ImageBodyDeserializerSpec.swift */,
				3AF56EC31E5B37B500F1CEBC /* HTMLBodyDeserializerSpec.swift */,
				3AF56ECB1E5B37B500F1CEBC /* XMLBodyDeserializerSpec.swift */,
				3AF56EC61E5B37B500F1CEBC /* PlaintextBodyDeserializerSpec.swift */,
				3AF56EC51E5B37B500F1CEBC /* JSONBodyDeserializerSpec.swift */,
			);
			name = "Body Deserializers";
			sourceTree = "<group>";
		};
		3AF56F0A1E5B4E9A00F1CEBC /* Output Facilities */ = {
			isa = PBXGroup;
			children = (
				3AF56EC01E5B37B500F1CEBC /* BufferOutputFacilitySpec.swift */,
				3AF56EC11E5B37B500F1CEBC /* ConsoleOutputFacilitySpec.swift */,
			);
			name = "Output Facilities";
			sourceTree = "<group>";
		};
/* End PBXGroup section */

/* Begin PBXHeadersBuildPhase section */
		3A2007D51B5501BC00769021 /* Headers */ = {
			isa = PBXHeadersBuildPhase;
			buildActionMask = 2147483647;
			files = (
				3AF56E9D1E5B37A500F1CEBC /* RDTBodyDeserializer.h in Headers */,
				3AF56EAF1E5B37A500F1CEBC /* ResponseDetective.h in Headers */,
				3AF56EA61E5B37A500F1CEBC /* RDTXMLBodyDeserializer.h in Headers */,
				3AF56EA01E5B37A500F1CEBC /* RDTHTMLBodyDeserializer.h in Headers */,
			);
			runOnlyForDeploymentPostprocessing = 0;
		};
		3AE546271E152DB500E74469 /* Headers */ = {
			isa = PBXHeadersBuildPhase;
			buildActionMask = 2147483647;
			files = (
				3AF56E9E1E5B37A500F1CEBC /* RDTBodyDeserializer.h in Headers */,
				3AF56EB01E5B37A500F1CEBC /* ResponseDetective.h in Headers */,
				3AF56EA71E5B37A500F1CEBC /* RDTXMLBodyDeserializer.h in Headers */,
				3AF56EA11E5B37A500F1CEBC /* RDTHTMLBodyDeserializer.h in Headers */,
			);
			runOnlyForDeploymentPostprocessing = 0;
		};
		3AED3EC91B1DD7B400FA35FC /* Headers */ = {
			isa = PBXHeadersBuildPhase;
			buildActionMask = 2147483647;
			files = (
				3AF56E9C1E5B37A500F1CEBC /* RDTBodyDeserializer.h in Headers */,
				3AF56EAE1E5B37A500F1CEBC /* ResponseDetective.h in Headers */,
				3AF56EA51E5B37A500F1CEBC /* RDTXMLBodyDeserializer.h in Headers */,
				3AF56E9F1E5B37A500F1CEBC /* RDTHTMLBodyDeserializer.h in Headers */,
			);
			runOnlyForDeploymentPostprocessing = 0;
		};
/* End PBXHeadersBuildPhase section */

/* Begin PBXNativeTarget section */
		3A2007D71B5501BC00769021 /* ResponseDetective (macOS) */ = {
			isa = PBXNativeTarget;
			buildConfigurationList = 3A2007EB1B5501BC00769021 /* Build configuration list for PBXNativeTarget "ResponseDetective (macOS)" */;
			buildPhases = (
				3A2007D31B5501BC00769021 /* Sources */,
				3A2007D41B5501BC00769021 /* Frameworks */,
				3A2007D51B5501BC00769021 /* Headers */,
				3A2007D61B5501BC00769021 /* Resources */,
			);
			buildRules = (
			);
			dependencies = (
			);
			name = "ResponseDetective (macOS)";
			productName = "ResponseDetective (OS X)";
			productReference = 3A2007D81B5501BC00769021 /* ResponseDetective.framework */;
			productType = "com.apple.product-type.framework";
		};
		3A2007E11B5501BC00769021 /* ResponseDetective (macOS) Tests */ = {
			isa = PBXNativeTarget;
			buildConfigurationList = 3A2007EE1B5501BC00769021 /* Build configuration list for PBXNativeTarget "ResponseDetective (macOS) Tests" */;
			buildPhases = (
				3A2007DE1B5501BC00769021 /* Sources */,
				3A2007DF1B5501BC00769021 /* Frameworks */,
				3A2007E01B5501BC00769021 /* Resources */,
				3A7D018A1CD3C09B00B7FBD7 /* Copy Carthage Frameworks */,
			);
			buildRules = (
			);
			dependencies = (
				3A2007E51B5501BC00769021 /* PBXTargetDependency */,
			);
			name = "ResponseDetective (macOS) Tests";
			productName = "ResponseDetective (OS X)Tests";
			productReference = 3A2007E21B5501BC00769021 /* ResponseDetective Tests.xctest */;
			productType = "com.apple.product-type.bundle.unit-test";
		};
		3AE546291E152DB500E74469 /* ResponseDetective (tvOS) */ = {
			isa = PBXNativeTarget;
			buildConfigurationList = 3AE5463B1E152DB600E74469 /* Build configuration list for PBXNativeTarget "ResponseDetective (tvOS)" */;
			buildPhases = (
				3AE546251E152DB500E74469 /* Sources */,
				3AE546261E152DB500E74469 /* Frameworks */,
				3AE546271E152DB500E74469 /* Headers */,
				3AE546281E152DB500E74469 /* Resources */,
			);
			buildRules = (
			);
			dependencies = (
			);
			name = "ResponseDetective (tvOS)";
			productName = "ResponseDetective (tvOS)";
			productReference = 3AE5462A1E152DB500E74469 /* ResponseDetective.framework */;
			productType = "com.apple.product-type.framework";
		};
		3AE546311E152DB600E74469 /* ResponseDetective (tvOS) Tests */ = {
			isa = PBXNativeTarget;
			buildConfigurationList = 3AE5463E1E152DB600E74469 /* Build configuration list for PBXNativeTarget "ResponseDetective (tvOS) Tests" */;
			buildPhases = (
				3AE5462E1E152DB600E74469 /* Sources */,
				3AE5462F1E152DB600E74469 /* Frameworks */,
				3AE546301E152DB600E74469 /* Resources */,
				3AE546671E1531B300E74469 /* Copy Carthage Frameworks */,
			);
			buildRules = (
			);
			dependencies = (
				3AE546351E152DB600E74469 /* PBXTargetDependency */,
			);
			name = "ResponseDetective (tvOS) Tests";
			productName = "ResponseDetective (tvOS)Tests";
			productReference = 3AE546321E152DB600E74469 /* ResponseDetective Tests.xctest */;
			productType = "com.apple.product-type.bundle.unit-test";
		};
		3AED3ECB1B1DD7B400FA35FC /* ResponseDetective (iOS) */ = {
			isa = PBXNativeTarget;
			buildConfigurationList = 3AED3EE21B1DD7B400FA35FC /* Build configuration list for PBXNativeTarget "ResponseDetective (iOS)" */;
			buildPhases = (
				3AED3EC71B1DD7B400FA35FC /* Sources */,
				3AED3EC81B1DD7B400FA35FC /* Frameworks */,
				3AED3EC91B1DD7B400FA35FC /* Headers */,
				3AED3ECA1B1DD7B400FA35FC /* Resources */,
			);
			buildRules = (
			);
			dependencies = (
			);
			name = "ResponseDetective (iOS)";
			productName = ResponseDetective;
			productReference = 3AED3ECC1B1DD7B400FA35FC /* ResponseDetective.framework */;
			productType = "com.apple.product-type.framework";
		};
		3AED3ED61B1DD7B400FA35FC /* ResponseDetective (iOS) Tests */ = {
			isa = PBXNativeTarget;
			buildConfigurationList = 3AED3EE51B1DD7B400FA35FC /* Build configuration list for PBXNativeTarget "ResponseDetective (iOS) Tests" */;
			buildPhases = (
				3AED3ED31B1DD7B400FA35FC /* Sources */,
				3AED3ED41B1DD7B400FA35FC /* Frameworks */,
				3AED3ED51B1DD7B400FA35FC /* Resources */,
				3ACCEBDB1B21D70D006C0FF4 /* Copy Carthage Frameworks */,
			);
			buildRules = (
			);
			dependencies = (
				3AED3EDA1B1DD7B400FA35FC /* PBXTargetDependency */,
			);
			name = "ResponseDetective (iOS) Tests";
			productName = ResponseDetectiveTests;
			productReference = 3AED3ED71B1DD7B400FA35FC /* ResponseDetective Tests.xctest */;
			productType = "com.apple.product-type.bundle.unit-test";
		};
/* End PBXNativeTarget section */

/* Begin PBXProject section */
		3AED3EC31B1DD7B400FA35FC /* Project object */ = {
			isa = PBXProject;
			attributes = {
				CLASSPREFIX = RDT;
				LastSwiftMigration = 0700;
				LastSwiftUpdateCheck = 0820;
				LastUpgradeCheck = 0820;
				ORGANIZATIONNAME = "Netguru Sp. z o.o.";
				TargetAttributes = {
					3A2007D71B5501BC00769021 = {
						CreatedOnToolsVersion = 6.4;
					};
					3A2007E11B5501BC00769021 = {
						CreatedOnToolsVersion = 6.4;
					};
					3AE546291E152DB500E74469 = {
						CreatedOnToolsVersion = 8.2.1;
						ProvisioningStyle = Manual;
					};
					3AE546311E152DB600E74469 = {
						CreatedOnToolsVersion = 8.2.1;
						ProvisioningStyle = Automatic;
					};
					3AED3ECB1B1DD7B400FA35FC = {
						CreatedOnToolsVersion = 6.3.2;
						LastSwiftMigration = 0820;
					};
					3AED3ED61B1DD7B400FA35FC = {
						CreatedOnToolsVersion = 6.3.2;
						LastSwiftMigration = 0820;
					};
				};
			};
			buildConfigurationList = 3AED3EC61B1DD7B400FA35FC /* Build configuration list for PBXProject "ResponseDetective" */;
			compatibilityVersion = "Xcode 3.2";
			developmentRegion = English;
			hasScannedForEncodings = 0;
			knownRegions = (
				en,
			);
			mainGroup = 3AED3EC21B1DD7B400FA35FC;
			productRefGroup = 3AED3ECD1B1DD7B400FA35FC /* Products */;
			projectDirPath = "";
			projectRoot = "";
			targets = (
				3AED3ECB1B1DD7B400FA35FC /* ResponseDetective (iOS) */,
				3AED3ED61B1DD7B400FA35FC /* ResponseDetective (iOS) Tests */,
				3A2007D71B5501BC00769021 /* ResponseDetective (macOS) */,
				3A2007E11B5501BC00769021 /* ResponseDetective (macOS) Tests */,
				3AE546291E152DB500E74469 /* ResponseDetective (tvOS) */,
				3AE546311E152DB600E74469 /* ResponseDetective (tvOS) Tests */,
			);
		};
/* End PBXProject section */

/* Begin PBXResourcesBuildPhase section */
		3A2007D61B5501BC00769021 /* Resources */ = {
			isa = PBXResourcesBuildPhase;
			buildActionMask = 2147483647;
			files = (
			);
			runOnlyForDeploymentPostprocessing = 0;
		};
		3A2007E01B5501BC00769021 /* Resources */ = {
			isa = PBXResourcesBuildPhase;
			buildActionMask = 2147483647;
			files = (
			);
			runOnlyForDeploymentPostprocessing = 0;
		};
		3AE546281E152DB500E74469 /* Resources */ = {
			isa = PBXResourcesBuildPhase;
			buildActionMask = 2147483647;
			files = (
			);
			runOnlyForDeploymentPostprocessing = 0;
		};
		3AE546301E152DB600E74469 /* Resources */ = {
			isa = PBXResourcesBuildPhase;
			buildActionMask = 2147483647;
			files = (
			);
			runOnlyForDeploymentPostprocessing = 0;
		};
		3AED3ECA1B1DD7B400FA35FC /* Resources */ = {
			isa = PBXResourcesBuildPhase;
			buildActionMask = 2147483647;
			files = (
			);
			runOnlyForDeploymentPostprocessing = 0;
		};
		3AED3ED51B1DD7B400FA35FC /* Resources */ = {
			isa = PBXResourcesBuildPhase;
			buildActionMask = 2147483647;
			files = (
			);
			runOnlyForDeploymentPostprocessing = 0;
		};
/* End PBXResourcesBuildPhase section */

/* Begin PBXShellScriptBuildPhase section */
		3A7D018A1CD3C09B00B7FBD7 /* Copy Carthage Frameworks */ = {
			isa = PBXShellScriptBuildPhase;
			buildActionMask = 2147483647;
			files = (
			);
			inputPaths = (
				"$(_CARTHAGE_BUILD_PATH)/Quick.framework",
				"$(_CARTHAGE_BUILD_PATH)/Nimble.framework",
				"$(_CARTHAGE_BUILD_PATH)/SwiftCheck.framework",
				"$(_CARTHAGE_BUILD_PATH)/OHHTTPStubs.framework",
			);
			name = "Copy Carthage Frameworks";
			outputPaths = (
			);
			runOnlyForDeploymentPostprocessing = 0;
			shellPath = /bin/sh;
			shellScript = "carthage copy-frameworks";
			showEnvVarsInLog = 0;
		};
		3ACCEBDB1B21D70D006C0FF4 /* Copy Carthage Frameworks */ = {
			isa = PBXShellScriptBuildPhase;
			buildActionMask = 2147483647;
			files = (
			);
			inputPaths = (
				"$(_CARTHAGE_BUILD_PATH)/Nimble.framework",
				"$(_CARTHAGE_BUILD_PATH)/Quick.framework",
				"$(_CARTHAGE_BUILD_PATH)/SwiftCheck.framework",
				"$(_CARTHAGE_BUILD_PATH)/OHHTTPStubs.framework",
			);
			name = "Copy Carthage Frameworks";
			outputPaths = (
			);
			runOnlyForDeploymentPostprocessing = 0;
			shellPath = /bin/sh;
			shellScript = "carthage copy-frameworks";
			showEnvVarsInLog = 0;
		};
		3AE546671E1531B300E74469 /* Copy Carthage Frameworks */ = {
			isa = PBXShellScriptBuildPhase;
			buildActionMask = 2147483647;
			files = (
			);
			inputPaths = (
				"$(_CARTHAGE_BUILD_PATH)/Quick.framework",
				"$(_CARTHAGE_BUILD_PATH)/Nimble.framework",
				"$(_CARTHAGE_BUILD_PATH)/SwiftCheck.framework",
				"$(_CARTHAGE_BUILD_PATH)/OHHTTPStubs.framework",
			);
			name = "Copy Carthage Frameworks";
			outputPaths = (
			);
			runOnlyForDeploymentPostprocessing = 0;
			shellPath = /bin/sh;
			shellScript = "carthage copy-frameworks";
		};
/* End PBXShellScriptBuildPhase section */

/* Begin PBXSourcesBuildPhase section */
		3A2007D31B5501BC00769021 /* Sources */ = {
			isa = PBXSourcesBuildPhase;
			buildActionMask = 2147483647;
			files = (
				3AF56E971E5B37A500F1CEBC /* OutputFacility.swift in Sources */,
				3AF56E941E5B37A500F1CEBC /* JSONBodyDeserializer.swift in Sources */,
				3AF56E851E5B37A500F1CEBC /* BufferOutputFacility.swift in Sources */,
				3AF56EA91E5B37A500F1CEBC /* RDTXMLBodyDeserializer.m in Sources */,
				3AF56EAC1E5B37A500F1CEBC /* RequestRepresentation.swift in Sources */,
				3AF56EB51E5B37A500F1CEBC /* ResponseRepresentation.swift in Sources */,
				3AF56E911E5B37A500F1CEBC /* ImageBodyDeserializer.swift in Sources */,
				3AF56EB21E5B37A500F1CEBC /* ResponseDetective.swift in Sources */,
				3AF56E9A1E5B37A500F1CEBC /* PlaintextBodyDeserializer.swift in Sources */,
				3AF56E8E1E5B37A500F1CEBC /* ErrorRepresentation.swift in Sources */,
				3AF56E881E5B37A500F1CEBC /* ConsoleOutputFacility.swift in Sources */,
				3AF56EB81E5B37A500F1CEBC /* URLProtocol.swift in Sources */,
				3AF56E8B1E5B37A500F1CEBC /* Dictionary.swift in Sources */,
				3AF56EA31E5B37A500F1CEBC /* RDTHTMLBodyDeserializer.m in Sources */,
			);
			runOnlyForDeploymentPostprocessing = 0;
		};
		3A2007DE1B5501BC00769021 /* Sources */ = {
			isa = PBXSourcesBuildPhase;
			buildActionMask = 2147483647;
			files = (
				3AF56EF11E5B37B500F1CEBC /* XMLBodyDeserializerSpec.swift in Sources */,
				3AF56EEB1E5B37B500F1CEBC /* ResponseRepresentationSpec.swift in Sources */,
				3AF56ED61E5B37B500F1CEBC /* ErrorRepresentationSpec.swift in Sources */,
				3AF56EDC1E5B37B500F1CEBC /* ImageBodyDeserializerSpec.swift in Sources */,
				3AF56ED01E5B37B500F1CEBC /* BufferOutputFacilitySpec.swift in Sources */,
				3AF56EE81E5B37B500F1CEBC /* ResponseDetectiveSpec.swift in Sources */,
				3AF56EE21E5B37B500F1CEBC /* PlaintextBodyDeserializerSpec.swift in Sources */,
				3AF56ED31E5B37B500F1CEBC /* ConsoleOutputFacilitySpec.swift in Sources */,
				3AF56ED91E5B37B500F1CEBC /* HTMLBodyDeserializerSpec.swift in Sources */,
				3AF56EE51E5B37B500F1CEBC /* RequestRepresentationSpec.swift in Sources */,
				3AF56F0D1E5B4ED800F1CEBC /* TestBodyDeserializer.swift in Sources */,
				3AF56EDF1E5B37B500F1CEBC /* JSONBodyDeserializerSpec.swift in Sources */,
			);
			runOnlyForDeploymentPostprocessing = 0;
		};
		3AE546251E152DB500E74469 /* Sources */ = {
			isa = PBXSourcesBuildPhase;
			buildActionMask = 2147483647;
			files = (
				3AF56E981E5B37A500F1CEBC /* OutputFacility.swift in Sources */,
				3AF56E951E5B37A500F1CEBC /* JSONBodyDeserializer.swift in Sources */,
				3AF56E861E5B37A500F1CEBC /* BufferOutputFacility.swift in Sources */,
				3AF56EAA1E5B37A500F1CEBC /* RDTXMLBodyDeserializer.m in Sources */,
				3AF56EAD1E5B37A500F1CEBC /* RequestRepresentation.swift in Sources */,
				3AF56EB61E5B37A500F1CEBC /* ResponseRepresentation.swift in Sources */,
				3AF56E921E5B37A500F1CEBC /* ImageBodyDeserializer.swift in Sources */,
				3AF56EB31E5B37A500F1CEBC /* ResponseDetective.swift in Sources */,
				3AF56E9B1E5B37A500F1CEBC /* PlaintextBodyDeserializer.swift in Sources */,
				3AF56E8F1E5B37A500F1CEBC /* ErrorRepresentation.swift in Sources */,
				3AF56E891E5B37A500F1CEBC /* ConsoleOutputFacility.swift in Sources */,
				3AF56EB91E5B37A500F1CEBC /* URLProtocol.swift in Sources */,
				3AF56E8C1E5B37A500F1CEBC /* Dictionary.swift in Sources */,
				3AF56EA41E5B37A500F1CEBC /* RDTHTMLBodyDeserializer.m in Sources */,
			);
			runOnlyForDeploymentPostprocessing = 0;
		};
		3AE5462E1E152DB600E74469 /* Sources */ = {
			isa = PBXSourcesBuildPhase;
			buildActionMask = 2147483647;
			files = (
				3AF56EF21E5B37B500F1CEBC /* XMLBodyDeserializerSpec.swift in Sources */,
				3AF56EEC1E5B37B500F1CEBC /* ResponseRepresentationSpec.swift in Sources */,
				3AF56ED71E5B37B500F1CEBC /* ErrorRepresentationSpec.swift in Sources */,
				3AF56EDD1E5B37B500F1CEBC /* ImageBodyDeserializerSpec.swift in Sources */,
				3AF56ED11E5B37B500F1CEBC /* BufferOutputFacilitySpec.swift in Sources */,
				3AF56EE91E5B37B500F1CEBC /* ResponseDetectiveSpec.swift in Sources */,
				3AF56EE31E5B37B500F1CEBC /* PlaintextBodyDeserializerSpec.swift in Sources */,
				3AF56ED41E5B37B500F1CEBC /* ConsoleOutputFacilitySpec.swift in Sources */,
				3AF56EDA1E5B37B500F1CEBC /* HTMLBodyDeserializerSpec.swift in Sources */,
				3AF56EE61E5B37B500F1CEBC /* RequestRepresentationSpec.swift in Sources */,
				3AF56F0E1E5B4ED800F1CEBC /* TestBodyDeserializer.swift in Sources */,
				3AF56EE01E5B37B500F1CEBC /* JSONBodyDeserializerSpec.swift in Sources */,
			);
			runOnlyForDeploymentPostprocessing = 0;
		};
		3AED3EC71B1DD7B400FA35FC /* Sources */ = {
			isa = PBXSourcesBuildPhase;
			buildActionMask = 2147483647;
			files = (
				3AF56E961E5B37A500F1CEBC /* OutputFacility.swift in Sources */,
				3AF56E931E5B37A500F1CEBC /* JSONBodyDeserializer.swift in Sources */,
				3AF56E841E5B37A500F1CEBC /* BufferOutputFacility.swift in Sources */,
				3AF56EA81E5B37A500F1CEBC /* RDTXMLBodyDeserializer.m in Sources */,
				3AF56EAB1E5B37A500F1CEBC /* RequestRepresentation.swift in Sources */,
				3AF56EB41E5B37A500F1CEBC /* ResponseRepresentation.swift in Sources */,
				3AF56E901E5B37A500F1CEBC /* ImageBodyDeserializer.swift in Sources */,
				3AF56EB11E5B37A500F1CEBC /* ResponseDetective.swift in Sources */,
				3AF56E991E5B37A500F1CEBC /* PlaintextBodyDeserializer.swift in Sources */,
				3AF56E8D1E5B37A500F1CEBC /* ErrorRepresentation.swift in Sources */,
				3AF56E871E5B37A500F1CEBC /* ConsoleOutputFacility.swift in Sources */,
				3AF56EB71E5B37A500F1CEBC /* URLProtocol.swift in Sources */,
				3AF56E8A1E5B37A500F1CEBC /* Dictionary.swift in Sources */,
				3AF56EA21E5B37A500F1CEBC /* RDTHTMLBodyDeserializer.m in Sources */,
			);
			runOnlyForDeploymentPostprocessing = 0;
		};
		3AED3ED31B1DD7B400FA35FC /* Sources */ = {
			isa = PBXSourcesBuildPhase;
			buildActionMask = 2147483647;
			files = (
				3AF56EF01E5B37B500F1CEBC /* XMLBodyDeserializerSpec.swift in Sources */,
				3AF56EEA1E5B37B500F1CEBC /* ResponseRepresentationSpec.swift in Sources */,
				3AF56ED51E5B37B500F1CEBC /* ErrorRepresentationSpec.swift in Sources */,
				3AF56EDB1E5B37B500F1CEBC /* ImageBodyDeserializerSpec.swift in Sources */,
				3AF56ECF1E5B37B500F1CEBC /* BufferOutputFacilitySpec.swift in Sources */,
				3AF56EE71E5B37B500F1CEBC /* ResponseDetectiveSpec.swift in Sources */,
				3AF56EE11E5B37B500F1CEBC /* PlaintextBodyDeserializerSpec.swift in Sources */,
				3AF56ED21E5B37B500F1CEBC /* ConsoleOutputFacilitySpec.swift in Sources */,
				3AF56ED81E5B37B500F1CEBC /* HTMLBodyDeserializerSpec.swift in Sources */,
				3AF56EE41E5B37B500F1CEBC /* RequestRepresentationSpec.swift in Sources */,
				3AF56F0C1E5B4ED800F1CEBC /* TestBodyDeserializer.swift in Sources */,
				3AF56EDE1E5B37B500F1CEBC /* JSONBodyDeserializerSpec.swift in Sources */,
			);
			runOnlyForDeploymentPostprocessing = 0;
		};
/* End PBXSourcesBuildPhase section */

/* Begin PBXTargetDependency section */
		3A2007E51B5501BC00769021 /* PBXTargetDependency */ = {
			isa = PBXTargetDependency;
			target = 3A2007D71B5501BC00769021 /* ResponseDetective (macOS) */;
			targetProxy = 3A2007E41B5501BC00769021 /* PBXContainerItemProxy */;
		};
		3AE546351E152DB600E74469 /* PBXTargetDependency */ = {
			isa = PBXTargetDependency;
			target = 3AE546291E152DB500E74469 /* ResponseDetective (tvOS) */;
			targetProxy = 3AE546341E152DB600E74469 /* PBXContainerItemProxy */;
		};
		3AED3EDA1B1DD7B400FA35FC /* PBXTargetDependency */ = {
			isa = PBXTargetDependency;
			target = 3AED3ECB1B1DD7B400FA35FC /* ResponseDetective (iOS) */;
			targetProxy = 3AED3ED91B1DD7B400FA35FC /* PBXContainerItemProxy */;
		};
/* End PBXTargetDependency section */

/* Begin XCBuildConfiguration section */
		3A2007EC1B5501BC00769021 /* Debug */ = {
			isa = XCBuildConfiguration;
			baseConfigurationReference = 3A63C1E81E5B3485008BBE4E /* Framework-macOS-Debug.xcconfig */;
			buildSettings = {
			};
			name = Debug;
		};
		3A2007ED1B5501BC00769021 /* Release */ = {
			isa = XCBuildConfiguration;
			baseConfigurationReference = 3A63C1E91E5B3485008BBE4E /* Framework-macOS-Release.xcconfig */;
			buildSettings = {
			};
			name = Release;
		};
		3A2007EF1B5501BC00769021 /* Debug */ = {
			isa = XCBuildConfiguration;
			baseConfigurationReference = 3A63C1EF1E5B3485008BBE4E /* Tests-macOS-Debug.xcconfig */;
			buildSettings = {
				ALWAYS_EMBED_SWIFT_STANDARD_LIBRARIES = YES;
			};
			name = Debug;
		};
		3A2007F01B5501BC00769021 /* Release */ = {
			isa = XCBuildConfiguration;
			baseConfigurationReference = 3A63C1F01E5B3485008BBE4E /* Tests-macOS-Release.xcconfig */;
			buildSettings = {
				ALWAYS_EMBED_SWIFT_STANDARD_LIBRARIES = YES;
			};
			name = Release;
		};
		3AE5463C1E152DB600E74469 /* Debug */ = {
			isa = XCBuildConfiguration;
			baseConfigurationReference = 3A63C1EA1E5B3485008BBE4E /* Framework-tvOS-Debug.xcconfig */;
			buildSettings = {
			};
			name = Debug;
		};
		3AE5463D1E152DB600E74469 /* Release */ = {
			isa = XCBuildConfiguration;
			baseConfigurationReference = 3A63C1EB1E5B3485008BBE4E /* Framework-tvOS-Release.xcconfig */;
			buildSettings = {
			};
			name = Release;
		};
		3AE5463F1E152DB600E74469 /* Debug */ = {
			isa = XCBuildConfiguration;
			baseConfigurationReference = 3A63C1F11E5B3485008BBE4E /* Tests-tvOS-Debug.xcconfig */;
			buildSettings = {
				ALWAYS_EMBED_SWIFT_STANDARD_LIBRARIES = YES;
			};
			name = Debug;
		};
		3AE546401E152DB600E74469 /* Release */ = {
			isa = XCBuildConfiguration;
			baseConfigurationReference = 3A63C1F21E5B3485008BBE4E /* Tests-tvOS-Release.xcconfig */;
			buildSettings = {
				ALWAYS_EMBED_SWIFT_STANDARD_LIBRARIES = YES;
			};
			name = Release;
		};
		3AED3EE01B1DD7B400FA35FC /* Debug */ = {
			isa = XCBuildConfiguration;
			buildSettings = {
			};
			name = Debug;
		};
		3AED3EE11B1DD7B400FA35FC /* Release */ = {
			isa = XCBuildConfiguration;
			buildSettings = {
			};
			name = Release;
		};
		3AED3EE31B1DD7B400FA35FC /* Debug */ = {
			isa = XCBuildConfiguration;
			baseConfigurationReference = 3A63C1E61E5B3485008BBE4E /* Framework-iOS-Debug.xcconfig */;
			buildSettings = {
			};
			name = Debug;
		};
		3AED3EE41B1DD7B400FA35FC /* Release */ = {
			isa = XCBuildConfiguration;
			baseConfigurationReference = 3A63C1E71E5B3485008BBE4E /* Framework-iOS-Release.xcconfig */;
			buildSettings = {
			};
			name = Release;
		};
		3AED3EE61B1DD7B400FA35FC /* Debug */ = {
			isa = XCBuildConfiguration;
			baseConfigurationReference = 3A63C1ED1E5B3485008BBE4E /* Tests-iOS-Debug.xcconfig */;
			buildSettings = {
				ALWAYS_EMBED_SWIFT_STANDARD_LIBRARIES = YES;
			};
			name = Debug;
		};
		3AED3EE71B1DD7B400FA35FC /* Release */ = {
			isa = XCBuildConfiguration;
			baseConfigurationReference = 3A63C1EE1E5B3485008BBE4E /* Tests-iOS-Release.xcconfig */;
			buildSettings = {
				ALWAYS_EMBED_SWIFT_STANDARD_LIBRARIES = YES;
			};
			name = Release;
		};
/* End XCBuildConfiguration section */

/* Begin XCConfigurationList section */
		3A2007EB1B5501BC00769021 /* Build configuration list for PBXNativeTarget "ResponseDetective (macOS)" */ = {
			isa = XCConfigurationList;
			buildConfigurations = (
				3A2007EC1B5501BC00769021 /* Debug */,
				3A2007ED1B5501BC00769021 /* Release */,
			);
			defaultConfigurationIsVisible = 0;
			defaultConfigurationName = Release;
		};
		3A2007EE1B5501BC00769021 /* Build configuration list for PBXNativeTarget "ResponseDetective (macOS) Tests" */ = {
			isa = XCConfigurationList;
			buildConfigurations = (
				3A2007EF1B5501BC00769021 /* Debug */,
				3A2007F01B5501BC00769021 /* Release */,
			);
			defaultConfigurationIsVisible = 0;
			defaultConfigurationName = Release;
		};
		3AE5463B1E152DB600E74469 /* Build configuration list for PBXNativeTarget "ResponseDetective (tvOS)" */ = {
			isa = XCConfigurationList;
			buildConfigurations = (
				3AE5463C1E152DB600E74469 /* Debug */,
				3AE5463D1E152DB600E74469 /* Release */,
			);
			defaultConfigurationIsVisible = 0;
			defaultConfigurationName = Release;
		};
		3AE5463E1E152DB600E74469 /* Build configuration list for PBXNativeTarget "ResponseDetective (tvOS) Tests" */ = {
			isa = XCConfigurationList;
			buildConfigurations = (
				3AE5463F1E152DB600E74469 /* Debug */,
				3AE546401E152DB600E74469 /* Release */,
			);
			defaultConfigurationIsVisible = 0;
			defaultConfigurationName = Release;
		};
		3AED3EC61B1DD7B400FA35FC /* Build configuration list for PBXProject "ResponseDetective" */ = {
			isa = XCConfigurationList;
			buildConfigurations = (
				3AED3EE01B1DD7B400FA35FC /* Debug */,
				3AED3EE11B1DD7B400FA35FC /* Release */,
			);
			defaultConfigurationIsVisible = 0;
			defaultConfigurationName = Release;
		};
		3AED3EE21B1DD7B400FA35FC /* Build configuration list for PBXNativeTarget "ResponseDetective (iOS)" */ = {
			isa = XCConfigurationList;
			buildConfigurations = (
				3AED3EE31B1DD7B400FA35FC /* Debug */,
				3AED3EE41B1DD7B400FA35FC /* Release */,
			);
			defaultConfigurationIsVisible = 0;
			defaultConfigurationName = Release;
		};
		3AED3EE51B1DD7B400FA35FC /* Build configuration list for PBXNativeTarget "ResponseDetective (iOS) Tests" */ = {
			isa = XCConfigurationList;
			buildConfigurations = (
				3AED3EE61B1DD7B400FA35FC /* Debug */,
				3AED3EE71B1DD7B400FA35FC /* Release */,
			);
			defaultConfigurationIsVisible = 0;
			defaultConfigurationName = Release;
		};
/* End XCConfigurationList section */
	};
	rootObject = 3AED3EC31B1DD7B400FA35FC /* Project object */;
}
