// !$*UTF8*$!
{
	archiveVersion = 1;
	classes = {
	};
	objectVersion = 46;
	objects = {

/* Begin PBXBuildFile section */
		3A0BB2E81B42CE53004FC330 /* BasicErrorInterceptor.swift in Sources */ = {isa = PBXBuildFile; fileRef = 3A0BB2E71B42CE53004FC330 /* BasicErrorInterceptor.swift */; };
		3A29A8A71B4A6F5C0025F46A /* TestRequestInterceptor.swift in Sources */ = {isa = PBXBuildFile; fileRef = 3A29A8A61B4A6F5C0025F46A /* TestRequestInterceptor.swift */; };
		3A29A8AA1B4A6F750025F46A /* TestResponseInterceptor.swift in Sources */ = {isa = PBXBuildFile; fileRef = 3A29A8A91B4A6F750025F46A /* TestResponseInterceptor.swift */; };
		3A29A8AC1B4A6FC10025F46A /* TestErrorInterceptor.swift in Sources */ = {isa = PBXBuildFile; fileRef = 3A29A8AB1B4A6FC10025F46A /* TestErrorInterceptor.swift */; };
		3A29A8B71B4A82F40025F46A /* JSONInterceptorSpec.swift in Sources */ = {isa = PBXBuildFile; fileRef = 3A29A8B11B4A7C4E0025F46A /* JSONInterceptorSpec.swift */; };
		3A3741011B3DB00A002448A1 /* RequestInterceptorType.swift in Sources */ = {isa = PBXBuildFile; fileRef = 3A3741001B3DB00A002448A1 /* RequestInterceptorType.swift */; };
		3A3741031B3DB059002448A1 /* ResponseInterceptorType.swift in Sources */ = {isa = PBXBuildFile; fileRef = 3A3741021B3DB059002448A1 /* ResponseInterceptorType.swift */; };
		3A3741051B3DB0B8002448A1 /* BufferOutputStream.swift in Sources */ = {isa = PBXBuildFile; fileRef = 3A3741041B3DB0B8002448A1 /* BufferOutputStream.swift */; };
		3A3741071B3DB0CD002448A1 /* NSLogOutputStream.swift in Sources */ = {isa = PBXBuildFile; fileRef = 3A3741061B3DB0CD002448A1 /* NSLogOutputStream.swift */; };
		3A3741091B3DB0E4002448A1 /* PrintlnOutputStream.swift in Sources */ = {isa = PBXBuildFile; fileRef = 3A3741081B3DB0E4002448A1 /* PrintlnOutputStream.swift */; };
		3A39AB011B45845600D58C62 /* XMLPrettifying.m in Sources */ = {isa = PBXBuildFile; fileRef = 3A39AB001B45845600D58C62 /* XMLPrettifying.m */; };
		3A39AB021B45848500D58C62 /* XMLPrettifying.h in Headers */ = {isa = PBXBuildFile; fileRef = 3A39AAFF1B45844300D58C62 /* XMLPrettifying.h */; settings = {ATTRIBUTES = (Public, ); }; };
		3A39AB071B458C8B00D58C62 /* JSONInterceptor.swift in Sources */ = {isa = PBXBuildFile; fileRef = 3A39AB061B458C8B00D58C62 /* JSONInterceptor.swift */; };
		3A39AB091B45904D00D58C62 /* XMLInterceptor.swift in Sources */ = {isa = PBXBuildFile; fileRef = 3A39AB081B45904D00D58C62 /* XMLInterceptor.swift */; };
		3A8DF6321B45774300F758EF /* libxml2.dylib in Frameworks */ = {isa = PBXBuildFile; fileRef = 3A8DF6311B45774300F758EF /* libxml2.dylib */; };
		3A9AD42A1B2F2A7A00E9C7AC /* RequestRepresentation.swift in Sources */ = {isa = PBXBuildFile; fileRef = 3A9AD4291B2F2A7A00E9C7AC /* RequestRepresentation.swift */; };
		3A9AD42D1B2F37ED00E9C7AC /* ResponseRepresentation.swift in Sources */ = {isa = PBXBuildFile; fileRef = 3A9AD42C1B2F37ED00E9C7AC /* ResponseRepresentation.swift */; };
		3AC7849F1B1DE43B00884F99 /* Info.plist in Resources */ = {isa = PBXBuildFile; fileRef = 3AC7849E1B1DE43B00884F99 /* Info.plist */; };
		3AC784A51B1DE49100884F99 /* Nimble.framework in Frameworks */ = {isa = PBXBuildFile; fileRef = 3AC784A31B1DE48000884F99 /* Nimble.framework */; };
		3AC784A61B1DE49200884F99 /* Quick.framework in Frameworks */ = {isa = PBXBuildFile; fileRef = 3AC784A41B1DE48000884F99 /* Quick.framework */; };
		3ACCEBDD1B21DC4A006C0FF4 /* ResponseDetective.framework in Copy Frameworks */ = {isa = PBXBuildFile; fileRef = 3AED3ECC1B1DD7B400FA35FC /* ResponseDetective.framework */; settings = {ATTRIBUTES = (CodeSignOnCopy, RemoveHeadersOnCopy, ); }; };
		3AED3ED81B1DD7B400FA35FC /* ResponseDetective.framework in Frameworks */ = {isa = PBXBuildFile; fileRef = 3AED3ECC1B1DD7B400FA35FC /* ResponseDetective.framework */; };
		3AF362261B46B83900083A18 /* HTMLPrettifying.m in Sources */ = {isa = PBXBuildFile; fileRef = 3AF362251B46B83900083A18 /* HTMLPrettifying.m */; };
		3AF362271B46BAEE00083A18 /* HTMLPrettifying.h in Headers */ = {isa = PBXBuildFile; fileRef = 3AF362241B46B81500083A18 /* HTMLPrettifying.h */; settings = {ATTRIBUTES = (Public, ); }; };
		3AF362291B46C09C00083A18 /* HTMLInterceptor.swift in Sources */ = {isa = PBXBuildFile; fileRef = 3AF362281B46C09C00083A18 /* HTMLInterceptor.swift */; };
		3AFBE0321B467D0F00C6759A /* Bridging-Header.h in Headers */ = {isa = PBXBuildFile; fileRef = 3A39AB0D1B45971F00D58C62 /* Bridging-Header.h */; settings = {ATTRIBUTES = (Private, ); }; };
		740DBDFC1B25B5690039F95D /* InterceptingProtocol.swift in Sources */ = {isa = PBXBuildFile; fileRef = 740DBDFB1B25B5690039F95D /* InterceptingProtocol.swift */; };
		744F59DD1B415173006833EB /* ErrorInterceptorType.swift in Sources */ = {isa = PBXBuildFile; fileRef = 744F59DC1B415173006833EB /* ErrorInterceptorType.swift */; };
		749D31D81B4BD58B00A0E1A9 /* PlainTextInterceptorSpec.swift in Sources */ = {isa = PBXBuildFile; fileRef = 74F79AE51B4BD2A1005E1DF2 /* PlainTextInterceptorSpec.swift */; };
		74FC3CB51B472FE1005DCD57 /* PlainTextInterceptor.swift in Sources */ = {isa = PBXBuildFile; fileRef = 74FC3CB41B472FE1005DCD57 /* PlainTextInterceptor.swift */; };
/* End PBXBuildFile section */

/* Begin PBXContainerItemProxy section */
		3AED3ED91B1DD7B400FA35FC /* PBXContainerItemProxy */ = {
			isa = PBXContainerItemProxy;
			containerPortal = 3AED3EC31B1DD7B400FA35FC /* Project object */;
			proxyType = 1;
			remoteGlobalIDString = 3AED3ECB1B1DD7B400FA35FC;
			remoteInfo = ResponseDetective;
		};
/* End PBXContainerItemProxy section */

/* Begin PBXCopyFilesBuildPhase section */
		3ACCEBDC1B21DC47006C0FF4 /* Copy Frameworks */ = {
			isa = PBXCopyFilesBuildPhase;
			buildActionMask = 12;
			dstPath = "";
			dstSubfolderSpec = 10;
			files = (
				3ACCEBDD1B21DC4A006C0FF4 /* ResponseDetective.framework in Copy Frameworks */,
			);
			name = "Copy Frameworks";
			runOnlyForDeploymentPostprocessing = 0;
		};
/* End PBXCopyFilesBuildPhase section */

/* Begin PBXFileReference section */
		3A0BB2E71B42CE53004FC330 /* BasicErrorInterceptor.swift */ = {isa = PBXFileReference; fileEncoding = 4; lastKnownFileType = sourcecode.swift; path = BasicErrorInterceptor.swift; sourceTree = "<group>"; };
		3A29A8A61B4A6F5C0025F46A /* TestRequestInterceptor.swift */ = {isa = PBXFileReference; fileEncoding = 4; lastKnownFileType = sourcecode.swift; path = TestRequestInterceptor.swift; sourceTree = "<group>"; };
		3A29A8A91B4A6F750025F46A /* TestResponseInterceptor.swift */ = {isa = PBXFileReference; fileEncoding = 4; lastKnownFileType = sourcecode.swift; path = TestResponseInterceptor.swift; sourceTree = "<group>"; };
		3A29A8AB1B4A6FC10025F46A /* TestErrorInterceptor.swift */ = {isa = PBXFileReference; fileEncoding = 4; lastKnownFileType = sourcecode.swift; path = TestErrorInterceptor.swift; sourceTree = "<group>"; };
		3A29A8B11B4A7C4E0025F46A /* JSONInterceptorSpec.swift */ = {isa = PBXFileReference; fileEncoding = 4; lastKnownFileType = sourcecode.swift; path = JSONInterceptorSpec.swift; sourceTree = "<group>"; };
		3A3741001B3DB00A002448A1 /* RequestInterceptorType.swift */ = {isa = PBXFileReference; fileEncoding = 4; lastKnownFileType = sourcecode.swift; path = RequestInterceptorType.swift; sourceTree = "<group>"; };
		3A3741021B3DB059002448A1 /* ResponseInterceptorType.swift */ = {isa = PBXFileReference; fileEncoding = 4; lastKnownFileType = sourcecode.swift; path = ResponseInterceptorType.swift; sourceTree = "<group>"; };
		3A3741041B3DB0B8002448A1 /* BufferOutputStream.swift */ = {isa = PBXFileReference; fileEncoding = 4; lastKnownFileType = sourcecode.swift; path = BufferOutputStream.swift; sourceTree = "<group>"; };
		3A3741061B3DB0CD002448A1 /* NSLogOutputStream.swift */ = {isa = PBXFileReference; fileEncoding = 4; lastKnownFileType = sourcecode.swift; path = NSLogOutputStream.swift; sourceTree = "<group>"; };
		3A3741081B3DB0E4002448A1 /* PrintlnOutputStream.swift */ = {isa = PBXFileReference; fileEncoding = 4; lastKnownFileType = sourcecode.swift; path = PrintlnOutputStream.swift; sourceTree = "<group>"; };
		3A39AAFF1B45844300D58C62 /* XMLPrettifying.h */ = {isa = PBXFileReference; lastKnownFileType = sourcecode.c.h; path = XMLPrettifying.h; sourceTree = "<group>"; };
		3A39AB001B45845600D58C62 /* XMLPrettifying.m */ = {isa = PBXFileReference; fileEncoding = 4; lastKnownFileType = sourcecode.c.objc; path = XMLPrettifying.m; sourceTree = "<group>"; };
		3A39AB061B458C8B00D58C62 /* JSONInterceptor.swift */ = {isa = PBXFileReference; fileEncoding = 4; lastKnownFileType = sourcecode.swift; path = JSONInterceptor.swift; sourceTree = "<group>"; };
		3A39AB081B45904D00D58C62 /* XMLInterceptor.swift */ = {isa = PBXFileReference; fileEncoding = 4; lastKnownFileType = sourcecode.swift; path = XMLInterceptor.swift; sourceTree = "<group>"; };
		3A39AB0D1B45971F00D58C62 /* Bridging-Header.h */ = {isa = PBXFileReference; lastKnownFileType = sourcecode.c.h; path = "Bridging-Header.h"; sourceTree = "<group>"; };
		3A8DF6311B45774300F758EF /* libxml2.dylib */ = {isa = PBXFileReference; lastKnownFileType = "compiled.mach-o.dylib"; name = libxml2.dylib; path = usr/lib/libxml2.dylib; sourceTree = SDKROOT; };
		3A9AD4291B2F2A7A00E9C7AC /* RequestRepresentation.swift */ = {isa = PBXFileReference; fileEncoding = 4; lastKnownFileType = sourcecode.swift; path = RequestRepresentation.swift; sourceTree = "<group>"; };
		3A9AD42C1B2F37ED00E9C7AC /* ResponseRepresentation.swift */ = {isa = PBXFileReference; fileEncoding = 4; lastKnownFileType = sourcecode.swift; path = ResponseRepresentation.swift; sourceTree = "<group>"; };
		3AC7847B1B1DE3C400884F99 /* .gitignore */ = {isa = PBXFileReference; lastKnownFileType = text; path = .gitignore; sourceTree = "<group>"; };
		3AC7847D1B1DE3C400884F99 /* Common.xcconfig */ = {isa = PBXFileReference; lastKnownFileType = text.xcconfig; path = Common.xcconfig; sourceTree = "<group>"; };
		3AC7847F1B1DE3C400884F99 /* Debug.xcconfig */ = {isa = PBXFileReference; lastKnownFileType = text.xcconfig; path = Debug.xcconfig; sourceTree = "<group>"; };
		3AC784801B1DE3C400884F99 /* Profile.xcconfig */ = {isa = PBXFileReference; lastKnownFileType = text.xcconfig; path = Profile.xcconfig; sourceTree = "<group>"; };
		3AC784811B1DE3C400884F99 /* Release.xcconfig */ = {isa = PBXFileReference; lastKnownFileType = text.xcconfig; path = Release.xcconfig; sourceTree = "<group>"; };
		3AC784821B1DE3C400884F99 /* Test.xcconfig */ = {isa = PBXFileReference; lastKnownFileType = text.xcconfig; path = Test.xcconfig; sourceTree = "<group>"; };
		3AC784841B1DE3C400884F99 /* Application.xcconfig */ = {isa = PBXFileReference; lastKnownFileType = text.xcconfig; path = Application.xcconfig; sourceTree = "<group>"; };
		3AC784851B1DE3C400884F99 /* Framework.xcconfig */ = {isa = PBXFileReference; lastKnownFileType = text.xcconfig; path = Framework.xcconfig; sourceTree = "<group>"; };
		3AC784861B1DE3C400884F99 /* StaticLibrary.xcconfig */ = {isa = PBXFileReference; lastKnownFileType = text.xcconfig; path = StaticLibrary.xcconfig; sourceTree = "<group>"; };
		3AC7848F1B1DE3C400884F99 /* iOS-Application.xcconfig */ = {isa = PBXFileReference; lastKnownFileType = text.xcconfig; path = "iOS-Application.xcconfig"; sourceTree = "<group>"; };
		3AC784901B1DE3C400884F99 /* iOS-Base.xcconfig */ = {isa = PBXFileReference; lastKnownFileType = text.xcconfig; path = "iOS-Base.xcconfig"; sourceTree = "<group>"; };
		3AC784911B1DE3C400884F99 /* iOS-Framework.xcconfig */ = {isa = PBXFileReference; lastKnownFileType = text.xcconfig; path = "iOS-Framework.xcconfig"; sourceTree = "<group>"; };
		3AC784921B1DE3C400884F99 /* iOS-StaticLibrary.xcconfig */ = {isa = PBXFileReference; lastKnownFileType = text.xcconfig; path = "iOS-StaticLibrary.xcconfig"; sourceTree = "<group>"; };
		3AC784941B1DE3C400884F99 /* Mac-Application.xcconfig */ = {isa = PBXFileReference; lastKnownFileType = text.xcconfig; path = "Mac-Application.xcconfig"; sourceTree = "<group>"; };
		3AC784951B1DE3C400884F99 /* Mac-Base.xcconfig */ = {isa = PBXFileReference; lastKnownFileType = text.xcconfig; path = "Mac-Base.xcconfig"; sourceTree = "<group>"; };
		3AC784961B1DE3C400884F99 /* Mac-DynamicLibrary.xcconfig */ = {isa = PBXFileReference; lastKnownFileType = text.xcconfig; path = "Mac-DynamicLibrary.xcconfig"; sourceTree = "<group>"; };
		3AC784971B1DE3C400884F99 /* Mac-Framework.xcconfig */ = {isa = PBXFileReference; lastKnownFileType = text.xcconfig; path = "Mac-Framework.xcconfig"; sourceTree = "<group>"; };
		3AC784981B1DE3C400884F99 /* Mac-StaticLibrary.xcconfig */ = {isa = PBXFileReference; lastKnownFileType = text.xcconfig; path = "Mac-StaticLibrary.xcconfig"; sourceTree = "<group>"; };
		3AC7849D1B1DE42F00884F99 /* Info.plist */ = {isa = PBXFileReference; lastKnownFileType = text.plist.xml; path = Info.plist; sourceTree = "<group>"; };
		3AC7849E1B1DE43B00884F99 /* Info.plist */ = {isa = PBXFileReference; fileEncoding = 4; lastKnownFileType = text.plist.xml; path = Info.plist; sourceTree = "<group>"; };
		3AC784A31B1DE48000884F99 /* Nimble.framework */ = {isa = PBXFileReference; lastKnownFileType = wrapper.framework; name = Nimble.framework; path = Carthage/Build/iOS/Nimble.framework; sourceTree = "<group>"; };
		3AC784A41B1DE48000884F99 /* Quick.framework */ = {isa = PBXFileReference; lastKnownFileType = wrapper.framework; name = Quick.framework; path = Carthage/Build/iOS/Quick.framework; sourceTree = "<group>"; };
		3ACCEBCF1B21C84D006C0FF4 /* ResponseDetective.playground */ = {isa = PBXFileReference; lastKnownFileType = file.playground; path = ResponseDetective.playground; sourceTree = "<group>"; };
		3AED3ECC1B1DD7B400FA35FC /* ResponseDetective.framework */ = {isa = PBXFileReference; explicitFileType = wrapper.framework; includeInIndex = 0; path = ResponseDetective.framework; sourceTree = BUILT_PRODUCTS_DIR; };
		3AED3ED71B1DD7B400FA35FC /* ResponseDetective Tests.xctest */ = {isa = PBXFileReference; explicitFileType = wrapper.cfbundle; includeInIndex = 0; path = "ResponseDetective Tests.xctest"; sourceTree = BUILT_PRODUCTS_DIR; };
		3AF362241B46B81500083A18 /* HTMLPrettifying.h */ = {isa = PBXFileReference; lastKnownFileType = sourcecode.c.h; path = HTMLPrettifying.h; sourceTree = "<group>"; };
		3AF362251B46B83900083A18 /* HTMLPrettifying.m */ = {isa = PBXFileReference; fileEncoding = 4; lastKnownFileType = sourcecode.c.objc; path = HTMLPrettifying.m; sourceTree = "<group>"; };
		3AF362281B46C09C00083A18 /* HTMLInterceptor.swift */ = {isa = PBXFileReference; fileEncoding = 4; lastKnownFileType = sourcecode.swift; path = HTMLInterceptor.swift; sourceTree = "<group>"; };
		740DBDFB1B25B5690039F95D /* InterceptingProtocol.swift */ = {isa = PBXFileReference; fileEncoding = 4; lastKnownFileType = sourcecode.swift; path = InterceptingProtocol.swift; sourceTree = "<group>"; };
		744F59DC1B415173006833EB /* ErrorInterceptorType.swift */ = {isa = PBXFileReference; fileEncoding = 4; lastKnownFileType = sourcecode.swift; path = ErrorInterceptorType.swift; sourceTree = "<group>"; };
		74F79AE51B4BD2A1005E1DF2 /* PlainTextInterceptorSpec.swift */ = {isa = PBXFileReference; fileEncoding = 4; lastKnownFileType = sourcecode.swift; path = PlainTextInterceptorSpec.swift; sourceTree = "<group>"; };
		74FC3CB41B472FE1005DCD57 /* PlainTextInterceptor.swift */ = {isa = PBXFileReference; fileEncoding = 4; lastKnownFileType = sourcecode.swift; path = PlainTextInterceptor.swift; sourceTree = "<group>"; };
/* End PBXFileReference section */

/* Begin PBXFrameworksBuildPhase section */
		3AED3EC81B1DD7B400FA35FC /* Frameworks */ = {
			isa = PBXFrameworksBuildPhase;
			buildActionMask = 2147483647;
			files = (
				3A8DF6321B45774300F758EF /* libxml2.dylib in Frameworks */,
			);
			runOnlyForDeploymentPostprocessing = 0;
		};
		3AED3ED41B1DD7B400FA35FC /* Frameworks */ = {
			isa = PBXFrameworksBuildPhase;
			buildActionMask = 2147483647;
			files = (
				3AC784A51B1DE49100884F99 /* Nimble.framework in Frameworks */,
				3AED3ED81B1DD7B400FA35FC /* ResponseDetective.framework in Frameworks */,
				3AC784A61B1DE49200884F99 /* Quick.framework in Frameworks */,
			);
			runOnlyForDeploymentPostprocessing = 0;
		};
/* End PBXFrameworksBuildPhase section */

/* Begin PBXGroup section */
		3A29A8A81B4A6F670025F46A /* Test Types */ = {
			isa = PBXGroup;
			children = (
				3A29A8AB1B4A6FC10025F46A /* TestErrorInterceptor.swift */,
				3A29A8A61B4A6F5C0025F46A /* TestRequestInterceptor.swift */,
				3A29A8A91B4A6F750025F46A /* TestResponseInterceptor.swift */,
			);
			name = "Test Types";
			sourceTree = "<group>";
		};
		3A3740FE1B3DAFE3002448A1 /* Incerceptor Types */ = {
			isa = PBXGroup;
			children = (
				744F59DC1B415173006833EB /* ErrorInterceptorType.swift */,
				3A3741001B3DB00A002448A1 /* RequestInterceptorType.swift */,
				3A3741021B3DB059002448A1 /* ResponseInterceptorType.swift */,
			);
			name = "Incerceptor Types";
			sourceTree = "<group>";
		};
		3A3740FF1B3DAFEA002448A1 /* Output Stream Types */ = {
			isa = PBXGroup;
			children = (
				3A3741041B3DB0B8002448A1 /* BufferOutputStream.swift */,
				3A3741061B3DB0CD002448A1 /* NSLogOutputStream.swift */,
				3A3741081B3DB0E4002448A1 /* PrintlnOutputStream.swift */,
			);
			name = "Output Stream Types";
			sourceTree = "<group>";
		};
		3A37410B1B3DB34A002448A1 /* Core Types */ = {
			isa = PBXGroup;
			children = (
				3A3740FE1B3DAFE3002448A1 /* Incerceptor Types */,
				3A3740FF1B3DAFEA002448A1 /* Output Stream Types */,
				3A9AD42B1B2F37C100E9C7AC /* Type Representations */,
			);
			name = "Core Types";
			sourceTree = "<group>";
		};
		3A5133AE1B459C930040276D /* Builtin Interceptors */ = {
			isa = PBXGroup;
			children = (
				3A0BB2E71B42CE53004FC330 /* BasicErrorInterceptor.swift */,
				3AF362281B46C09C00083A18 /* HTMLInterceptor.swift */,
				3A39AB061B458C8B00D58C62 /* JSONInterceptor.swift */,
				3A39AB081B45904D00D58C62 /* XMLInterceptor.swift */,
				74FC3CB41B472FE1005DCD57 /* PlainTextInterceptor.swift */,
			);
			name = "Builtin Interceptors";
			sourceTree = "<group>";
		};
		3A8DF62E1B4576DA00F758EF /* Objective-C Helpers */ = {
			isa = PBXGroup;
			children = (
				3AF362241B46B81500083A18 /* HTMLPrettifying.h */,
				3AF362251B46B83900083A18 /* HTMLPrettifying.m */,
				3A39AAFF1B45844300D58C62 /* XMLPrettifying.h */,
				3A39AB001B45845600D58C62 /* XMLPrettifying.m */,
			);
			name = "Objective-C Helpers";
			sourceTree = "<group>";
		};
		3A9AD42B1B2F37C100E9C7AC /* Type Representations */ = {
			isa = PBXGroup;
			children = (
				3A9AD4291B2F2A7A00E9C7AC /* RequestRepresentation.swift */,
				3A9AD42C1B2F37ED00E9C7AC /* ResponseRepresentation.swift */,
			);
			name = "Type Representations";
			sourceTree = "<group>";
		};
		3AC7847A1B1DE3C400884F99 /* Configuration */ = {
			isa = PBXGroup;
			children = (
				3AC7847B1B1DE3C400884F99 /* .gitignore */,
				3AC7847C1B1DE3C400884F99 /* Base */,
				3AC7848E1B1DE3C400884F99 /* iOS */,
				3AC784931B1DE3C400884F99 /* Mac OS X */,
			);
			name = Configuration;
			path = Carthage/Checkouts/xcconfigs;
			sourceTree = "<group>";
		};
		3AC7847C1B1DE3C400884F99 /* Base */ = {
			isa = PBXGroup;
			children = (
				3AC7847D1B1DE3C400884F99 /* Common.xcconfig */,
				3AC7847E1B1DE3C400884F99 /* Configurations */,
				3AC784831B1DE3C400884F99 /* Targets */,
			);
			path = Base;
			sourceTree = "<group>";
		};
		3AC7847E1B1DE3C400884F99 /* Configurations */ = {
			isa = PBXGroup;
			children = (
				3AC7847F1B1DE3C400884F99 /* Debug.xcconfig */,
				3AC784801B1DE3C400884F99 /* Profile.xcconfig */,
				3AC784811B1DE3C400884F99 /* Release.xcconfig */,
				3AC784821B1DE3C400884F99 /* Test.xcconfig */,
			);
			path = Configurations;
			sourceTree = "<group>";
		};
		3AC784831B1DE3C400884F99 /* Targets */ = {
			isa = PBXGroup;
			children = (
				3AC784841B1DE3C400884F99 /* Application.xcconfig */,
				3AC784851B1DE3C400884F99 /* Framework.xcconfig */,
				3AC784861B1DE3C400884F99 /* StaticLibrary.xcconfig */,
			);
			path = Targets;
			sourceTree = "<group>";
		};
		3AC7848E1B1DE3C400884F99 /* iOS */ = {
			isa = PBXGroup;
			children = (
				3AC7848F1B1DE3C400884F99 /* iOS-Application.xcconfig */,
				3AC784901B1DE3C400884F99 /* iOS-Base.xcconfig */,
				3AC784911B1DE3C400884F99 /* iOS-Framework.xcconfig */,
				3AC784921B1DE3C400884F99 /* iOS-StaticLibrary.xcconfig */,
			);
			path = iOS;
			sourceTree = "<group>";
		};
		3AC784931B1DE3C400884F99 /* Mac OS X */ = {
			isa = PBXGroup;
			children = (
				3AC784941B1DE3C400884F99 /* Mac-Application.xcconfig */,
				3AC784951B1DE3C400884F99 /* Mac-Base.xcconfig */,
				3AC784961B1DE3C400884F99 /* Mac-DynamicLibrary.xcconfig */,
				3AC784971B1DE3C400884F99 /* Mac-Framework.xcconfig */,
				3AC784981B1DE3C400884F99 /* Mac-StaticLibrary.xcconfig */,
			);
			path = "Mac OS X";
			sourceTree = "<group>";
		};
		3AC7849A1B1DE3E800884F99 /* Supporting Files */ = {
			isa = PBXGroup;
			children = (
				3AC7847A1B1DE3C400884F99 /* Configuration */,
				3AC7849B1B1DE3FD00884F99 /* ResponseDetective */,
				3AC7849C1B1DE40500884F99 /* ResponseDetective Tests */,
			);
			name = "Supporting Files";
			sourceTree = "<group>";
		};
		3AC7849B1B1DE3FD00884F99 /* ResponseDetective */ = {
			isa = PBXGroup;
			children = (
				3A39AB0D1B45971F00D58C62 /* Bridging-Header.h */,
				3AC7849D1B1DE42F00884F99 /* Info.plist */,
			);
			name = ResponseDetective;
			path = "ResponseDetective/Supporting Files";
			sourceTree = "<group>";
		};
		3AC7849C1B1DE40500884F99 /* ResponseDetective Tests */ = {
			isa = PBXGroup;
			children = (
				3AC7849E1B1DE43B00884F99 /* Info.plist */,
			);
			name = "ResponseDetective Tests";
			path = "ResponseDetective Tests/Supporting Files";
			sourceTree = "<group>";
		};
		3AC784A01B1DE44300884F99 /* ResponseDetective */ = {
			isa = PBXGroup;
			children = (
				3A37410B1B3DB34A002448A1 /* Core Types */,
				3A8DF62E1B4576DA00F758EF /* Objective-C Helpers */,
				3A5133AE1B459C930040276D /* Builtin Interceptors */,
				740DBDFB1B25B5690039F95D /* InterceptingProtocol.swift */,
			);
			name = ResponseDetective;
			path = "ResponseDetective/Source Files";
			sourceTree = "<group>";
		};
		3AC784A21B1DE46D00884F99 /* Frameworks */ = {
			isa = PBXGroup;
			children = (
				3A8DF6311B45774300F758EF /* libxml2.dylib */,
				3AC784A31B1DE48000884F99 /* Nimble.framework */,
				3AC784A41B1DE48000884F99 /* Quick.framework */,
			);
			name = Frameworks;
			sourceTree = "<group>";
		};
		3AC784AC1B1DE82400884F99 /* ResponseDetective Tests */ = {
			isa = PBXGroup;
			children = (
				3A29A8A81B4A6F670025F46A /* Test Types */,
				3A29A8B11B4A7C4E0025F46A /* JSONInterceptorSpec.swift */,
				74F79AE51B4BD2A1005E1DF2 /* PlainTextInterceptorSpec.swift */,
			);
			name = "ResponseDetective Tests";
			path = "ResponseDetective Tests/Source Files";
			sourceTree = "<group>";
		};
		3AED3EC21B1DD7B400FA35FC = {
			isa = PBXGroup;
			children = (
				3ACCEBCF1B21C84D006C0FF4 /* ResponseDetective.playground */,
				3AC784A01B1DE44300884F99 /* ResponseDetective */,
				3AC784AC1B1DE82400884F99 /* ResponseDetective Tests */,
				3AC7849A1B1DE3E800884F99 /* Supporting Files */,
				3AC784A21B1DE46D00884F99 /* Frameworks */,
				3AED3ECD1B1DD7B400FA35FC /* Products */,
			);
			sourceTree = "<group>";
		};
		3AED3ECD1B1DD7B400FA35FC /* Products */ = {
			isa = PBXGroup;
			children = (
				3AED3ECC1B1DD7B400FA35FC /* ResponseDetective.framework */,
				3AED3ED71B1DD7B400FA35FC /* ResponseDetective Tests.xctest */,
			);
			name = Products;
			sourceTree = "<group>";
		};
/* End PBXGroup section */

/* Begin PBXHeadersBuildPhase section */
		3AED3EC91B1DD7B400FA35FC /* Headers */ = {
			isa = PBXHeadersBuildPhase;
			buildActionMask = 2147483647;
			files = (
				3A39AB021B45848500D58C62 /* XMLPrettifying.h in Headers */,
				3AF362271B46BAEE00083A18 /* HTMLPrettifying.h in Headers */,
				3AFBE0321B467D0F00C6759A /* Bridging-Header.h in Headers */,
			);
			runOnlyForDeploymentPostprocessing = 0;
		};
/* End PBXHeadersBuildPhase section */

/* Begin PBXNativeTarget section */
		3AED3ECB1B1DD7B400FA35FC /* ResponseDetective */ = {
			isa = PBXNativeTarget;
			buildConfigurationList = 3AED3EE21B1DD7B400FA35FC /* Build configuration list for PBXNativeTarget "ResponseDetective" */;
			buildPhases = (
				3AED3EC71B1DD7B400FA35FC /* Sources */,
				3ACCEBD41B21D21A006C0FF4 /* Display Warning Flags */,
				3AED3EC81B1DD7B400FA35FC /* Frameworks */,
				3AED3EC91B1DD7B400FA35FC /* Headers */,
				3AED3ECA1B1DD7B400FA35FC /* Resources */,
			);
			buildRules = (
			);
			dependencies = (
			);
			name = ResponseDetective;
			productName = ResponseDetective;
			productReference = 3AED3ECC1B1DD7B400FA35FC /* ResponseDetective.framework */;
			productType = "com.apple.product-type.framework";
		};
		3AED3ED61B1DD7B400FA35FC /* ResponseDetective Tests */ = {
			isa = PBXNativeTarget;
			buildConfigurationList = 3AED3EE51B1DD7B400FA35FC /* Build configuration list for PBXNativeTarget "ResponseDetective Tests" */;
			buildPhases = (
				3AED3ED31B1DD7B400FA35FC /* Sources */,
				3AED3ED41B1DD7B400FA35FC /* Frameworks */,
				3AED3ED51B1DD7B400FA35FC /* Resources */,
				3ACCEBDB1B21D70D006C0FF4 /* Copy Carthage Frameworks */,
				3ACCEBDC1B21DC47006C0FF4 /* Copy Frameworks */,
			);
			buildRules = (
			);
			dependencies = (
				3AED3EDA1B1DD7B400FA35FC /* PBXTargetDependency */,
			);
			name = "ResponseDetective Tests";
			productName = ResponseDetectiveTests;
			productReference = 3AED3ED71B1DD7B400FA35FC /* ResponseDetective Tests.xctest */;
			productType = "com.apple.product-type.bundle.unit-test";
		};
/* End PBXNativeTarget section */

/* Begin PBXProject section */
		3AED3EC31B1DD7B400FA35FC /* Project object */ = {
			isa = PBXProject;
			attributes = {
				CLASSPREFIX = NGR;
				LastSwiftUpdateCheck = 0700;
				LastUpgradeCheck = 0630;
				ORGANIZATIONNAME = "Netguru Sp. z o.o.";
				TargetAttributes = {
					3AED3ECB1B1DD7B400FA35FC = {
						CreatedOnToolsVersion = 6.3.2;
					};
					3AED3ED61B1DD7B400FA35FC = {
						CreatedOnToolsVersion = 6.3.2;
					};
				};
			};
			buildConfigurationList = 3AED3EC61B1DD7B400FA35FC /* Build configuration list for PBXProject "ResponseDetective" */;
			compatibilityVersion = "Xcode 3.2";
			developmentRegion = English;
			hasScannedForEncodings = 0;
			knownRegions = (
				en,
			);
			mainGroup = 3AED3EC21B1DD7B400FA35FC;
			productRefGroup = 3AED3ECD1B1DD7B400FA35FC /* Products */;
			projectDirPath = "";
			projectRoot = "";
			targets = (
				3AED3ECB1B1DD7B400FA35FC /* ResponseDetective */,
				3AED3ED61B1DD7B400FA35FC /* ResponseDetective Tests */,
			);
		};
/* End PBXProject section */

/* Begin PBXResourcesBuildPhase section */
		3AED3ECA1B1DD7B400FA35FC /* Resources */ = {
			isa = PBXResourcesBuildPhase;
			buildActionMask = 2147483647;
			files = (
				3AC7849F1B1DE43B00884F99 /* Info.plist in Resources */,
			);
			runOnlyForDeploymentPostprocessing = 0;
		};
		3AED3ED51B1DD7B400FA35FC /* Resources */ = {
			isa = PBXResourcesBuildPhase;
			buildActionMask = 2147483647;
			files = (
			);
			runOnlyForDeploymentPostprocessing = 0;
		};
/* End PBXResourcesBuildPhase section */

/* Begin PBXShellScriptBuildPhase section */
		3ACCEBD41B21D21A006C0FF4 /* Display Warning Flags */ = {
			isa = PBXShellScriptBuildPhase;
			buildActionMask = 2147483647;
			files = (
			);
			inputPaths = (
			);
			name = "Display Warning Flags";
			outputPaths = (
			);
			runOnlyForDeploymentPostprocessing = 0;
			shellPath = /bin/sh;
			shellScript = "WARNING_FLAGS=\"TODO:|FIXME:|TEMP:\"\nfind \"${SRCROOT}\" \\( -name \"*.swift\" \\) -print0 | xargs -0 egrep --with-filename --line-number --only-matching \"($WARNING_FLAGS).*\\$\" | perl -p -e \"s/($WARNING_FLAGS)/ warning: \\$1/\"";
		};
		3ACCEBDB1B21D70D006C0FF4 /* Copy Carthage Frameworks */ = {
			isa = PBXShellScriptBuildPhase;
			buildActionMask = 2147483647;
			files = (
			);
			inputPaths = (
				"$(SRCROOT)/Carthage/Build/iOS/Nimble.framework",
				"$(SRCROOT)/Carthage/Build/iOS/Quick.framework",
			);
			name = "Copy Carthage Frameworks";
			outputPaths = (
			);
			runOnlyForDeploymentPostprocessing = 0;
			shellPath = /bin/sh;
			shellScript = "/usr/local/bin/carthage copy-frameworks";
		};
/* End PBXShellScriptBuildPhase section */

/* Begin PBXSourcesBuildPhase section */
		3AED3EC71B1DD7B400FA35FC /* Sources */ = {
			isa = PBXSourcesBuildPhase;
			buildActionMask = 2147483647;
			files = (
				3A3741091B3DB0E4002448A1 /* PrintlnOutputStream.swift in Sources */,
				3A39AB071B458C8B00D58C62 /* JSONInterceptor.swift in Sources */,
				3A3741051B3DB0B8002448A1 /* BufferOutputStream.swift in Sources */,
				3A39AB011B45845600D58C62 /* XMLPrettifying.m in Sources */,
				3A3741031B3DB059002448A1 /* ResponseInterceptorType.swift in Sources */,
				3A3741071B3DB0CD002448A1 /* NSLogOutputStream.swift in Sources */,
				3A0BB2E81B42CE53004FC330 /* BasicErrorInterceptor.swift in Sources */,
				744F59DD1B415173006833EB /* ErrorInterceptorType.swift in Sources */,
				3AF362261B46B83900083A18 /* HTMLPrettifying.m in Sources */,
				3A9AD42A1B2F2A7A00E9C7AC /* RequestRepresentation.swift in Sources */,
				3AF362291B46C09C00083A18 /* HTMLInterceptor.swift in Sources */,
				3A39AB091B45904D00D58C62 /* XMLInterceptor.swift in Sources */,
				3A9AD42D1B2F37ED00E9C7AC /* ResponseRepresentation.swift in Sources */,
				74FC3CB51B472FE1005DCD57 /* PlainTextInterceptor.swift in Sources */,
				3A3741011B3DB00A002448A1 /* RequestInterceptorType.swift in Sources */,
				740DBDFC1B25B5690039F95D /* InterceptingProtocol.swift in Sources */,
			);
			runOnlyForDeploymentPostprocessing = 0;
		};
		3AED3ED31B1DD7B400FA35FC /* Sources */ = {
			isa = PBXSourcesBuildPhase;
			buildActionMask = 2147483647;
			files = (
				749D31D81B4BD58B00A0E1A9 /* PlainTextInterceptorSpec.swift in Sources */,
				3A29A8AA1B4A6F750025F46A /* TestResponseInterceptor.swift in Sources */,
				3A29A8A71B4A6F5C0025F46A /* TestRequestInterceptor.swift in Sources */,
				3A29A8B71B4A82F40025F46A /* JSONInterceptorSpec.swift in Sources */,
				3A29A8AC1B4A6FC10025F46A /* TestErrorInterceptor.swift in Sources */,
			);
			runOnlyForDeploymentPostprocessing = 0;
		};
/* End PBXSourcesBuildPhase section */

/* Begin PBXTargetDependency section */
		3AED3EDA1B1DD7B400FA35FC /* PBXTargetDependency */ = {
			isa = PBXTargetDependency;
			target = 3AED3ECB1B1DD7B400FA35FC /* ResponseDetective */;
			targetProxy = 3AED3ED91B1DD7B400FA35FC /* PBXContainerItemProxy */;
		};
/* End PBXTargetDependency section */

/* Begin XCBuildConfiguration section */
		3AED3EE01B1DD7B400FA35FC /* Debug */ = {
			isa = XCBuildConfiguration;
			baseConfigurationReference = 3AC7847F1B1DE3C400884F99 /* Debug.xcconfig */;
			buildSettings = {
				IPHONEOS_DEPLOYMENT_TARGET = 8.0;
				SDKROOT = iphoneos;
				TARGETED_DEVICE_FAMILY = "1,2";
			};
			name = Debug;
		};
		3AED3EE11B1DD7B400FA35FC /* Release */ = {
			isa = XCBuildConfiguration;
			baseConfigurationReference = 3AC784811B1DE3C400884F99 /* Release.xcconfig */;
			buildSettings = {
				IPHONEOS_DEPLOYMENT_TARGET = 8.0;
				SDKROOT = iphoneos;
				TARGETED_DEVICE_FAMILY = "1,2";
			};
			name = Release;
		};
		3AED3EE31B1DD7B400FA35FC /* Debug */ = {
			isa = XCBuildConfiguration;
			baseConfigurationReference = 3AC784911B1DE3C400884F99 /* iOS-Framework.xcconfig */;
			buildSettings = {
				EMBEDDED_CONTENT_CONTAINS_SWIFT = YES;
				FRAMEWORK_SEARCH_PATHS = (
					"$(inherited)",
					"$(PROJECT_DIR)/Carthage/Build/iOS",
				);
				HEADER_SEARCH_PATHS = (
					/usr/include/libxml2,
					"$(inherited)",
				);
				INFOPLIST_FILE = "$(PROJECT_DIR)/ResponseDetective/Supporting Files/Info.plist";
				INSTALL_PATH = "@executable_path/../Frameworks";
				SWIFT_OBJC_BRIDGING_HEADER = "ResponseDetective/Supporting Files/Bridging-Header.h";
			};
			name = Debug;
		};
		3AED3EE41B1DD7B400FA35FC /* Release */ = {
			isa = XCBuildConfiguration;
			baseConfigurationReference = 3AC784911B1DE3C400884F99 /* iOS-Framework.xcconfig */;
			buildSettings = {
				EMBEDDED_CONTENT_CONTAINS_SWIFT = YES;
				FRAMEWORK_SEARCH_PATHS = (
					"$(inherited)",
					"$(PROJECT_DIR)/Carthage/Build/iOS",
				);
				HEADER_SEARCH_PATHS = (
					/usr/include/libxml2,
					"$(inherited)",
				);
				INFOPLIST_FILE = "$(PROJECT_DIR)/ResponseDetective/Supporting Files/Info.plist";
				INSTALL_PATH = "@executable_path/../Frameworks";
				SWIFT_OBJC_BRIDGING_HEADER = "ResponseDetective/Supporting Files/Bridging-Header.h";
			};
			name = Release;
		};
		3AED3EE61B1DD7B400FA35FC /* Debug */ = {
			isa = XCBuildConfiguration;
			baseConfigurationReference = 3AC7848F1B1DE3C400884F99 /* iOS-Application.xcconfig */;
			buildSettings = {
				CLANG_ENABLE_MODULES = YES;
				EMBEDDED_CONTENT_CONTAINS_SWIFT = YES;
				FRAMEWORK_SEARCH_PATHS = (
					"$(inherited)",
					"$(SDKROOT)/Developer/Library/Frameworks",
					"$(DEVELOPER_FRAMEWORKS_DIR)",
					"$(PROJECT_DIR)/Carthage/Build/iOS",
				);
				INFOPLIST_FILE = "$(PROJECT_DIR)/ResponseDetective Tests/Supporting Files/Info.plist";
				LD_RUNPATH_SEARCH_PATHS = "$(inherited) @executable_path/Frameworks @loader_path/Frameworks";
				PRODUCT_NAME = "$(TARGET_NAME)";
				SWIFT_OPTIMIZATION_LEVEL = "-Onone";
			};
			name = Debug;
		};
		3AED3EE71B1DD7B400FA35FC /* Release */ = {
			isa = XCBuildConfiguration;
			baseConfigurationReference = 3AC7848F1B1DE3C400884F99 /* iOS-Application.xcconfig */;
			buildSettings = {
				CLANG_ENABLE_MODULES = YES;
				EMBEDDED_CONTENT_CONTAINS_SWIFT = YES;
				FRAMEWORK_SEARCH_PATHS = (
					"$(inherited)",
					"$(SDKROOT)/Developer/Library/Frameworks",
					"$(DEVELOPER_FRAMEWORKS_DIR)",
					"$(PROJECT_DIR)/Carthage/Build/iOS",
				);
				INFOPLIST_FILE = "$(PROJECT_DIR)/ResponseDetective Tests/Supporting Files/Info.plist";
				LD_RUNPATH_SEARCH_PATHS = "$(inherited) @executable_path/Frameworks @loader_path/Frameworks";
				PRODUCT_NAME = "$(TARGET_NAME)";
			};
			name = Release;
		};
/* End XCBuildConfiguration section */

/* Begin XCConfigurationList section */
		3AED3EC61B1DD7B400FA35FC /* Build configuration list for PBXProject "ResponseDetective" */ = {
			isa = XCConfigurationList;
			buildConfigurations = (
				3AED3EE01B1DD7B400FA35FC /* Debug */,
				3AED3EE11B1DD7B400FA35FC /* Release */,
			);
			defaultConfigurationIsVisible = 0;
			defaultConfigurationName = Release;
		};
		3AED3EE21B1DD7B400FA35FC /* Build configuration list for PBXNativeTarget "ResponseDetective" */ = {
			isa = XCConfigurationList;
			buildConfigurations = (
				3AED3EE31B1DD7B400FA35FC /* Debug */,
				3AED3EE41B1DD7B400FA35FC /* Release */,
			);
			defaultConfigurationIsVisible = 0;
			defaultConfigurationName = Release;
		};
		3AED3EE51B1DD7B400FA35FC /* Build configuration list for PBXNativeTarget "ResponseDetective Tests" */ = {
			isa = XCConfigurationList;
			buildConfigurations = (
				3AED3EE61B1DD7B400FA35FC /* Debug */,
				3AED3EE71B1DD7B400FA35FC /* Release */,
			);
			defaultConfigurationIsVisible = 0;
			defaultConfigurationName = Release;
		};
/* End XCConfigurationList section */
	};
	rootObject = 3AED3EC31B1DD7B400FA35FC /* Project object */;
}
